// !$*UTF8*$!
{
	archiveVersion = 1;
	classes = {
	};
	objectVersion = 46;
	objects = {

/* Begin PBXBuildFile section */
		2F1326DC1CDF35420037F28E /* groupChatViewController.m in Sources */ = {isa = PBXBuildFile; fileRef = 2F1326DB1CDF35420037F28E /* groupChatViewController.m */; };
		2F1326DF1CE02F2D0037F28E /* UserSignUpViewController.m in Sources */ = {isa = PBXBuildFile; fileRef = 2F1326DE1CE02F2D0037F28E /* UserSignUpViewController.m */; };
		2F1326E21CE035D40037F28E /* LoginViewController.m in Sources */ = {isa = PBXBuildFile; fileRef = 2F1326E11CE035D40037F28E /* LoginViewController.m */; };
		2F1326E51CE046950037F28E /* DataBaseUtillity.m in Sources */ = {isa = PBXBuildFile; fileRef = 2F1326E41CE046950037F28E /* DataBaseUtillity.m */; };
		2F43AE731CE1A7E600FDEFBE /* DBASingleton.m in Sources */ = {isa = PBXBuildFile; fileRef = 2F43AE721CE1A7E600FDEFBE /* DBASingleton.m */; };
		2F5D929A1CEE0D3300CC4251 /* SDWebImageViewController.m in Sources */ = {isa = PBXBuildFile; fileRef = 2F5D92991CEE0D3300CC4251 /* SDWebImageViewController.m */; };
		2F65AD801CDB2A5C009962F9 /* tabBarController.m in Sources */ = {isa = PBXBuildFile; fileRef = 2F65AD7F1CDB2A5C009962F9 /* tabBarController.m */; };
		2F6810FB1CEF16D300ECC09A /* NSNotificationCenterViewController.m in Sources */ = {isa = PBXBuildFile; fileRef = 2F6810FA1CEF16D300ECC09A /* NSNotificationCenterViewController.m */; };
		2F6811011CF0312B00ECC09A /* CurrentUserAddObjViewController.m in Sources */ = {isa = PBXBuildFile; fileRef = 2F6811001CF0312B00ECC09A /* CurrentUserAddObjViewController.m */; };
		2F6811041CF0767000ECC09A /* studentModelGlobalVariable.m in Sources */ = {isa = PBXBuildFile; fileRef = 2F6811031CF0767000ECC09A /* studentModelGlobalVariable.m */; };
		2F6D751D1CF30A340026B79E /* containedInViewController.m in Sources */ = {isa = PBXBuildFile; fileRef = 2F6D751C1CF30A340026B79E /* containedInViewController.m */; };
		2F93FC201D30F38000865AFD /* SDWebImageViewController.m in Sources */ = {isa = PBXBuildFile; fileRef = 2F5D92991CEE0D3300CC4251 /* SDWebImageViewController.m */; };
		2F93FC211D30F38000865AFD /* AVOSCloud+AVOSCloudCategory.m in Sources */ = {isa = PBXBuildFile; fileRef = 2FCF5A7D1D09595D00CBD2BC /* AVOSCloud+AVOSCloudCategory.m */; };
		2F93FC221D30F38000865AFD /* LoginViewController.m in Sources */ = {isa = PBXBuildFile; fileRef = 2F1326E11CE035D40037F28E /* LoginViewController.m */; };
		2F93FC231D30F38000865AFD /* DBASingleton.m in Sources */ = {isa = PBXBuildFile; fileRef = 2F43AE721CE1A7E600FDEFBE /* DBASingleton.m */; };
		2F93FC241D30F38000865AFD /* CurrentUserAddObjViewController.m in Sources */ = {isa = PBXBuildFile; fileRef = 2F6811001CF0312B00ECC09A /* CurrentUserAddObjViewController.m */; };
		2F93FC251D30F38000865AFD /* OtherViewController.m in Sources */ = {isa = PBXBuildFile; fileRef = 2FF3732D1CE339440040B140 /* OtherViewController.m */; };
		2F93FC261D30F38000865AFD /* containedInViewController.m in Sources */ = {isa = PBXBuildFile; fileRef = 2F6D751C1CF30A340026B79E /* containedInViewController.m */; };
		2F93FC271D30F38000865AFD /* expandableCellViewController.m in Sources */ = {isa = PBXBuildFile; fileRef = 2FCF5A741D06B5C200CBD2BC /* expandableCellViewController.m */; };
		2F93FC281D30F38000865AFD /* DataBaseUtillity.m in Sources */ = {isa = PBXBuildFile; fileRef = 2F1326E41CE046950037F28E /* DataBaseUtillity.m */; };
		2F93FC291D30F38000865AFD /* RCDChatViewController.m in Sources */ = {isa = PBXBuildFile; fileRef = 2FA3B8A11CF1A5AE003D98EF /* RCDChatViewController.m */; };
		2F93FC2A1D30F38000865AFD /* NSNotificationCenterViewController.m in Sources */ = {isa = PBXBuildFile; fileRef = 2F6810FA1CEF16D300ECC09A /* NSNotificationCenterViewController.m */; };
		2F93FC2B1D30F38000865AFD /* ViewController.m in Sources */ = {isa = PBXBuildFile; fileRef = 2FC5D7B01CDADCB100916655 /* ViewController.m */; };
		2F93FC2C1D30F38000865AFD /* WevViewViewController.m in Sources */ = {isa = PBXBuildFile; fileRef = 2FF373341CE41D3F0040B140 /* WevViewViewController.m */; };
		2F93FC2D1D30F38000865AFD /* LoadMoreViewController.m in Sources */ = {isa = PBXBuildFile; fileRef = 2FF373311CE41CF00040B140 /* LoadMoreViewController.m */; };
		2F93FC2E1D30F38000865AFD /* tabBarController.m in Sources */ = {isa = PBXBuildFile; fileRef = 2F65AD7F1CDB2A5C009962F9 /* tabBarController.m */; };
		2F93FC2F1D30F38000865AFD /* groupChatViewController.m in Sources */ = {isa = PBXBuildFile; fileRef = 2F1326DB1CDF35420037F28E /* groupChatViewController.m */; };
		2F93FC301D30F38000865AFD /* chatVC.m in Sources */ = {isa = PBXBuildFile; fileRef = 2FA9389D1CDB40AB0059FF52 /* chatVC.m */; };
		2F93FC311D30F38000865AFD /* AppDelegate.m in Sources */ = {isa = PBXBuildFile; fileRef = 2FC5D7AD1CDADCB100916655 /* AppDelegate.m */; };
		2F93FC321D30F38000865AFD /* recursiveBlockViewController.m in Sources */ = {isa = PBXBuildFile; fileRef = 2FA3B8A41CF1D62E003D98EF /* recursiveBlockViewController.m */; };
		2F93FC331D30F38000865AFD /* studentModelGlobalVariable.m in Sources */ = {isa = PBXBuildFile; fileRef = 2F6811031CF0767000ECC09A /* studentModelGlobalVariable.m */; };
		2F93FC341D30F38000865AFD /* UserSignUpViewController.m in Sources */ = {isa = PBXBuildFile; fileRef = 2F1326DE1CE02F2D0037F28E /* UserSignUpViewController.m */; };
		2F93FC351D30F38000865AFD /* main.m in Sources */ = {isa = PBXBuildFile; fileRef = 2FC5D7AA1CDADCB100916655 /* main.m */; };
		2F93FC361D30F38000865AFD /* AVQuery+avqueryCategory.m in Sources */ = {isa = PBXBuildFile; fileRef = 2FCF5A7A1D09592B00CBD2BC /* AVQuery+avqueryCategory.m */; };
		2F93FC381D30F38000865AFD /* libPods-ronglcoudHarry.a in Frameworks */ = {isa = PBXBuildFile; fileRef = 82653ACD7000D56FD5DF4302 /* libPods-ronglcoudHarry.a */; };
		2F93FC3A1D30F38000865AFD /* LaunchScreen.storyboard in Resources */ = {isa = PBXBuildFile; fileRef = 2FC5D7B71CDADCB100916655 /* LaunchScreen.storyboard */; };
		2F93FC3B1D30F38000865AFD /* Assets.xcassets in Resources */ = {isa = PBXBuildFile; fileRef = 2FC5D7B51CDADCB100916655 /* Assets.xcassets */; };
		2F93FC3C1D30F38000865AFD /* Main.storyboard in Resources */ = {isa = PBXBuildFile; fileRef = 2FC5D7B21CDADCB100916655 /* Main.storyboard */; };
		2F93FC3D1D30F38000865AFD /* MJRefresh in Resources */ = {isa = PBXBuildFile; fileRef = 2FF373361CE43E490040B140 /* MJRefresh */; };
		2F93FD1D1D34E42800865AFD /* GeoLocationUIViewController.m in Sources */ = {isa = PBXBuildFile; fileRef = 2F93FD1C1D34E42800865AFD /* GeoLocationUIViewController.m */; };
		2F93FD1E1D34E42800865AFD /* GeoLocationUIViewController.m in Sources */ = {isa = PBXBuildFile; fileRef = 2F93FD1C1D34E42800865AFD /* GeoLocationUIViewController.m */; };
		2F93FD211D34E57800865AFD /* OtherViewControllerWithTableView.m in Sources */ = {isa = PBXBuildFile; fileRef = 2F93FD201D34E57800865AFD /* OtherViewControllerWithTableView.m */; };
		2F93FD221D34E57800865AFD /* OtherViewControllerWithTableView.m in Sources */ = {isa = PBXBuildFile; fileRef = 2F93FD201D34E57800865AFD /* OtherViewControllerWithTableView.m */; };
		2FA3B8A21CF1A5AE003D98EF /* RCDChatViewController.m in Sources */ = {isa = PBXBuildFile; fileRef = 2FA3B8A11CF1A5AE003D98EF /* RCDChatViewController.m */; };
		2FA3B8A51CF1D62E003D98EF /* recursiveBlockViewController.m in Sources */ = {isa = PBXBuildFile; fileRef = 2FA3B8A41CF1D62E003D98EF /* recursiveBlockViewController.m */; };
		2FA9389E1CDB40AB0059FF52 /* chatVC.m in Sources */ = {isa = PBXBuildFile; fileRef = 2FA9389D1CDB40AB0059FF52 /* chatVC.m */; };
		2FC5D7AB1CDADCB100916655 /* main.m in Sources */ = {isa = PBXBuildFile; fileRef = 2FC5D7AA1CDADCB100916655 /* main.m */; };
		2FC5D7AE1CDADCB100916655 /* AppDelegate.m in Sources */ = {isa = PBXBuildFile; fileRef = 2FC5D7AD1CDADCB100916655 /* AppDelegate.m */; };
		2FC5D7B11CDADCB100916655 /* ViewController.m in Sources */ = {isa = PBXBuildFile; fileRef = 2FC5D7B01CDADCB100916655 /* ViewController.m */; };
		2FC5D7B41CDADCB100916655 /* Main.storyboard in Resources */ = {isa = PBXBuildFile; fileRef = 2FC5D7B21CDADCB100916655 /* Main.storyboard */; };
		2FC5D7B61CDADCB100916655 /* Assets.xcassets in Resources */ = {isa = PBXBuildFile; fileRef = 2FC5D7B51CDADCB100916655 /* Assets.xcassets */; };
		2FC5D7B91CDADCB100916655 /* LaunchScreen.storyboard in Resources */ = {isa = PBXBuildFile; fileRef = 2FC5D7B71CDADCB100916655 /* LaunchScreen.storyboard */; };
		2FC5D7C41CDADCB100916655 /* ronglcoudHarryTests.m in Sources */ = {isa = PBXBuildFile; fileRef = 2FC5D7C31CDADCB100916655 /* ronglcoudHarryTests.m */; };
		2FC5D7CF1CDADCB100916655 /* ronglcoudHarryUITests.m in Sources */ = {isa = PBXBuildFile; fileRef = 2FC5D7CE1CDADCB100916655 /* ronglcoudHarryUITests.m */; };
		2FCF5A751D06B5C200CBD2BC /* expandableCellViewController.m in Sources */ = {isa = PBXBuildFile; fileRef = 2FCF5A741D06B5C200CBD2BC /* expandableCellViewController.m */; };
		2FCF5A7B1D09592C00CBD2BC /* AVQuery+avqueryCategory.m in Sources */ = {isa = PBXBuildFile; fileRef = 2FCF5A7A1D09592B00CBD2BC /* AVQuery+avqueryCategory.m */; };
		2FCF5A7E1D09595D00CBD2BC /* AVOSCloud+AVOSCloudCategory.m in Sources */ = {isa = PBXBuildFile; fileRef = 2FCF5A7D1D09595D00CBD2BC /* AVOSCloud+AVOSCloudCategory.m */; };
		2FF3732E1CE339440040B140 /* OtherViewController.m in Sources */ = {isa = PBXBuildFile; fileRef = 2FF3732D1CE339440040B140 /* OtherViewController.m */; };
		2FF373321CE41CF00040B140 /* LoadMoreViewController.m in Sources */ = {isa = PBXBuildFile; fileRef = 2FF373311CE41CF00040B140 /* LoadMoreViewController.m */; };
		2FF373351CE41D3F0040B140 /* WevViewViewController.m in Sources */ = {isa = PBXBuildFile; fileRef = 2FF373341CE41D3F0040B140 /* WevViewViewController.m */; };
		2FF373371CE43E490040B140 /* MJRefresh in Resources */ = {isa = PBXBuildFile; fileRef = 2FF373361CE43E490040B140 /* MJRefresh */; };
		53AC9DBB0ACC3E2DA74C1D0A /* libPods-ronglcoudHarryTests.a in Frameworks */ = {isa = PBXBuildFile; fileRef = C722733078AE77C26A1D5E8F /* libPods-ronglcoudHarryTests.a */; };
		6DC0E0095B1AC14888B5D934 /* libPods-ronglcoudHarry.a in Frameworks */ = {isa = PBXBuildFile; fileRef = 82653ACD7000D56FD5DF4302 /* libPods-ronglcoudHarry.a */; };
		B0029107D9F560B64A93ACF6 /* libPods-ronglcoudHarryUITests.a in Frameworks */ = {isa = PBXBuildFile; fileRef = 8FAD69980C00AB2A45DFE18D /* libPods-ronglcoudHarryUITests.a */; };
/* End PBXBuildFile section */

/* Begin PBXContainerItemProxy section */
		2FC5D7C01CDADCB100916655 /* PBXContainerItemProxy */ = {
			isa = PBXContainerItemProxy;
			containerPortal = 2FC5D79E1CDADCB000916655 /* Project object */;
			proxyType = 1;
			remoteGlobalIDString = 2FC5D7A51CDADCB000916655;
			remoteInfo = ronglcoudHarry;
		};
		2FC5D7CB1CDADCB100916655 /* PBXContainerItemProxy */ = {
			isa = PBXContainerItemProxy;
			containerPortal = 2FC5D79E1CDADCB000916655 /* Project object */;
			proxyType = 1;
			remoteGlobalIDString = 2FC5D7A51CDADCB000916655;
			remoteInfo = ronglcoudHarry;
		};
/* End PBXContainerItemProxy section */

/* Begin PBXFileReference section */
		1E5D7CF9EEADEEA55B9FDBC2 /* Pods-ronglcoudHarryUITests.debug.xcconfig */ = {isa = PBXFileReference; includeInIndex = 1; lastKnownFileType = text.xcconfig; name = "Pods-ronglcoudHarryUITests.debug.xcconfig"; path = "Pods/Target Support Files/Pods-ronglcoudHarryUITests/Pods-ronglcoudHarryUITests.debug.xcconfig"; sourceTree = "<group>"; };
		2F1326DA1CDF35420037F28E /* groupChatViewController.h */ = {isa = PBXFileReference; fileEncoding = 4; lastKnownFileType = sourcecode.c.h; path = groupChatViewController.h; sourceTree = "<group>"; };
		2F1326DB1CDF35420037F28E /* groupChatViewController.m */ = {isa = PBXFileReference; fileEncoding = 4; lastKnownFileType = sourcecode.c.objc; path = groupChatViewController.m; sourceTree = "<group>"; };
		2F1326DD1CE02F2D0037F28E /* UserSignUpViewController.h */ = {isa = PBXFileReference; fileEncoding = 4; lastKnownFileType = sourcecode.c.h; path = UserSignUpViewController.h; sourceTree = "<group>"; };
		2F1326DE1CE02F2D0037F28E /* UserSignUpViewController.m */ = {isa = PBXFileReference; fileEncoding = 4; lastKnownFileType = sourcecode.c.objc; path = UserSignUpViewController.m; sourceTree = "<group>"; };
		2F1326E01CE035D40037F28E /* LoginViewController.h */ = {isa = PBXFileReference; fileEncoding = 4; lastKnownFileType = sourcecode.c.h; path = LoginViewController.h; sourceTree = "<group>"; };
		2F1326E11CE035D40037F28E /* LoginViewController.m */ = {isa = PBXFileReference; fileEncoding = 4; lastKnownFileType = sourcecode.c.objc; path = LoginViewController.m; sourceTree = "<group>"; };
		2F1326E31CE046950037F28E /* DataBaseUtillity.h */ = {isa = PBXFileReference; fileEncoding = 4; lastKnownFileType = sourcecode.c.h; path = DataBaseUtillity.h; sourceTree = "<group>"; };
		2F1326E41CE046950037F28E /* DataBaseUtillity.m */ = {isa = PBXFileReference; fileEncoding = 4; lastKnownFileType = sourcecode.c.objc; path = DataBaseUtillity.m; sourceTree = "<group>"; };
		2F13C14E1CDC8AC30030E0DB /* PrefixHeader.pch */ = {isa = PBXFileReference; lastKnownFileType = sourcecode.c.h; path = PrefixHeader.pch; sourceTree = "<group>"; };
		2F43AE711CE1A7E600FDEFBE /* DBASingleton.h */ = {isa = PBXFileReference; fileEncoding = 4; lastKnownFileType = sourcecode.c.h; path = DBASingleton.h; sourceTree = "<group>"; };
		2F43AE721CE1A7E600FDEFBE /* DBASingleton.m */ = {isa = PBXFileReference; fileEncoding = 4; lastKnownFileType = sourcecode.c.objc; path = DBASingleton.m; sourceTree = "<group>"; };
		2F5D92981CEE0D3300CC4251 /* SDWebImageViewController.h */ = {isa = PBXFileReference; fileEncoding = 4; lastKnownFileType = sourcecode.c.h; path = SDWebImageViewController.h; sourceTree = "<group>"; };
		2F5D92991CEE0D3300CC4251 /* SDWebImageViewController.m */ = {isa = PBXFileReference; fileEncoding = 4; lastKnownFileType = sourcecode.c.objc; path = SDWebImageViewController.m; sourceTree = "<group>"; };
		2F65AD7E1CDB2A5C009962F9 /* tabBarController.h */ = {isa = PBXFileReference; fileEncoding = 4; lastKnownFileType = sourcecode.c.h; path = tabBarController.h; sourceTree = "<group>"; };
		2F65AD7F1CDB2A5C009962F9 /* tabBarController.m */ = {isa = PBXFileReference; fileEncoding = 4; lastKnownFileType = sourcecode.c.objc; path = tabBarController.m; sourceTree = "<group>"; };
		2F6810F91CEF16D300ECC09A /* NSNotificationCenterViewController.h */ = {isa = PBXFileReference; fileEncoding = 4; lastKnownFileType = sourcecode.c.h; path = NSNotificationCenterViewController.h; sourceTree = "<group>"; };
		2F6810FA1CEF16D300ECC09A /* NSNotificationCenterViewController.m */ = {isa = PBXFileReference; fileEncoding = 4; lastKnownFileType = sourcecode.c.objc; path = NSNotificationCenterViewController.m; sourceTree = "<group>"; };
		2F6810FF1CF0312B00ECC09A /* CurrentUserAddObjViewController.h */ = {isa = PBXFileReference; fileEncoding = 4; lastKnownFileType = sourcecode.c.h; path = CurrentUserAddObjViewController.h; sourceTree = "<group>"; };
		2F6811001CF0312B00ECC09A /* CurrentUserAddObjViewController.m */ = {isa = PBXFileReference; fileEncoding = 4; lastKnownFileType = sourcecode.c.objc; path = CurrentUserAddObjViewController.m; sourceTree = "<group>"; };
		2F6811021CF0767000ECC09A /* studentModelGlobalVariable.h */ = {isa = PBXFileReference; fileEncoding = 4; lastKnownFileType = sourcecode.c.h; path = studentModelGlobalVariable.h; sourceTree = "<group>"; };
		2F6811031CF0767000ECC09A /* studentModelGlobalVariable.m */ = {isa = PBXFileReference; fileEncoding = 4; lastKnownFileType = sourcecode.c.objc; path = studentModelGlobalVariable.m; sourceTree = "<group>"; };
		2F6D751B1CF30A340026B79E /* containedInViewController.h */ = {isa = PBXFileReference; fileEncoding = 4; lastKnownFileType = sourcecode.c.h; path = containedInViewController.h; sourceTree = "<group>"; };
		2F6D751C1CF30A340026B79E /* containedInViewController.m */ = {isa = PBXFileReference; fileEncoding = 4; lastKnownFileType = sourcecode.c.objc; path = containedInViewController.m; sourceTree = "<group>"; };
		2F93FC441D30F38000865AFD /* ronglcoudHarryDev.app */ = {isa = PBXFileReference; explicitFileType = wrapper.application; includeInIndex = 0; path = ronglcoudHarryDev.app; sourceTree = BUILT_PRODUCTS_DIR; };
		2F93FC451D30F38100865AFD /* ronglcoudHarry copy-Info.plist */ = {isa = PBXFileReference; lastKnownFileType = text.plist.xml; name = "ronglcoudHarry copy-Info.plist"; path = "/Users/harryfeng/Downloads/rongcloudHarry/ronglcoudHarry copy-Info.plist"; sourceTree = "<absolute>"; };
		2F93FD191D34E39C00865AFD /* PrefixHeader.pch */ = {isa = PBXFileReference; fileEncoding = 4; lastKnownFileType = sourcecode.c.h; path = PrefixHeader.pch; sourceTree = "<group>"; };
		2F93FD1B1D34E42800865AFD /* GeoLocationUIViewController.h */ = {isa = PBXFileReference; fileEncoding = 4; lastKnownFileType = sourcecode.c.h; path = GeoLocationUIViewController.h; sourceTree = "<group>"; };
		2F93FD1C1D34E42800865AFD /* GeoLocationUIViewController.m */ = {isa = PBXFileReference; fileEncoding = 4; lastKnownFileType = sourcecode.c.objc; path = GeoLocationUIViewController.m; sourceTree = "<group>"; };
		2F93FD1F1D34E57800865AFD /* OtherViewControllerWithTableView.h */ = {isa = PBXFileReference; fileEncoding = 4; lastKnownFileType = sourcecode.c.h; path = OtherViewControllerWithTableView.h; sourceTree = "<group>"; };
		2F93FD201D34E57800865AFD /* OtherViewControllerWithTableView.m */ = {isa = PBXFileReference; fileEncoding = 4; lastKnownFileType = sourcecode.c.objc; path = OtherViewControllerWithTableView.m; sourceTree = "<group>"; };
		2F9690671D30E9930014D9BC /* constantsHarry.h */ = {isa = PBXFileReference; lastKnownFileType = sourcecode.c.h; path = constantsHarry.h; sourceTree = "<group>"; };
		2FA3B8A01CF1A5AE003D98EF /* RCDChatViewController.h */ = {isa = PBXFileReference; fileEncoding = 4; lastKnownFileType = sourcecode.c.h; path = RCDChatViewController.h; sourceTree = "<group>"; };
		2FA3B8A11CF1A5AE003D98EF /* RCDChatViewController.m */ = {isa = PBXFileReference; fileEncoding = 4; lastKnownFileType = sourcecode.c.objc; path = RCDChatViewController.m; sourceTree = "<group>"; };
		2FA3B8A31CF1D62E003D98EF /* recursiveBlockViewController.h */ = {isa = PBXFileReference; fileEncoding = 4; lastKnownFileType = sourcecode.c.h; path = recursiveBlockViewController.h; sourceTree = "<group>"; };
		2FA3B8A41CF1D62E003D98EF /* recursiveBlockViewController.m */ = {isa = PBXFileReference; fileEncoding = 4; lastKnownFileType = sourcecode.c.objc; path = recursiveBlockViewController.m; sourceTree = "<group>"; };
		2FA9389C1CDB40AB0059FF52 /* chatVC.h */ = {isa = PBXFileReference; fileEncoding = 4; lastKnownFileType = sourcecode.c.h; path = chatVC.h; sourceTree = "<group>"; };
		2FA9389D1CDB40AB0059FF52 /* chatVC.m */ = {isa = PBXFileReference; fileEncoding = 4; lastKnownFileType = sourcecode.c.objc; path = chatVC.m; sourceTree = "<group>"; };
		2FC5D7A61CDADCB000916655 /* ronglcoudHarry.app */ = {isa = PBXFileReference; explicitFileType = wrapper.application; includeInIndex = 0; path = ronglcoudHarry.app; sourceTree = BUILT_PRODUCTS_DIR; };
		2FC5D7AA1CDADCB100916655 /* main.m */ = {isa = PBXFileReference; lastKnownFileType = sourcecode.c.objc; path = main.m; sourceTree = "<group>"; };
		2FC5D7AC1CDADCB100916655 /* AppDelegate.h */ = {isa = PBXFileReference; lastKnownFileType = sourcecode.c.h; path = AppDelegate.h; sourceTree = "<group>"; };
		2FC5D7AD1CDADCB100916655 /* AppDelegate.m */ = {isa = PBXFileReference; lastKnownFileType = sourcecode.c.objc; path = AppDelegate.m; sourceTree = "<group>"; };
		2FC5D7AF1CDADCB100916655 /* ViewController.h */ = {isa = PBXFileReference; lastKnownFileType = sourcecode.c.h; path = ViewController.h; sourceTree = "<group>"; };
		2FC5D7B01CDADCB100916655 /* ViewController.m */ = {isa = PBXFileReference; lastKnownFileType = sourcecode.c.objc; path = ViewController.m; sourceTree = "<group>"; };
		2FC5D7B31CDADCB100916655 /* Base */ = {isa = PBXFileReference; lastKnownFileType = file.storyboard; name = Base; path = Base.lproj/Main.storyboard; sourceTree = "<group>"; };
		2FC5D7B51CDADCB100916655 /* Assets.xcassets */ = {isa = PBXFileReference; lastKnownFileType = folder.assetcatalog; path = Assets.xcassets; sourceTree = "<group>"; };
		2FC5D7B81CDADCB100916655 /* Base */ = {isa = PBXFileReference; lastKnownFileType = file.storyboard; name = Base; path = Base.lproj/LaunchScreen.storyboard; sourceTree = "<group>"; };
		2FC5D7BA1CDADCB100916655 /* Info.plist */ = {isa = PBXFileReference; lastKnownFileType = text.plist.xml; path = Info.plist; sourceTree = "<group>"; };
		2FC5D7BF1CDADCB100916655 /* ronglcoudHarryTests.xctest */ = {isa = PBXFileReference; explicitFileType = wrapper.cfbundle; includeInIndex = 0; path = ronglcoudHarryTests.xctest; sourceTree = BUILT_PRODUCTS_DIR; };
		2FC5D7C31CDADCB100916655 /* ronglcoudHarryTests.m */ = {isa = PBXFileReference; lastKnownFileType = sourcecode.c.objc; path = ronglcoudHarryTests.m; sourceTree = "<group>"; };
		2FC5D7C51CDADCB100916655 /* Info.plist */ = {isa = PBXFileReference; lastKnownFileType = text.plist.xml; path = Info.plist; sourceTree = "<group>"; };
		2FC5D7CA1CDADCB100916655 /* ronglcoudHarryUITests.xctest */ = {isa = PBXFileReference; explicitFileType = wrapper.cfbundle; includeInIndex = 0; path = ronglcoudHarryUITests.xctest; sourceTree = BUILT_PRODUCTS_DIR; };
		2FC5D7CE1CDADCB100916655 /* ronglcoudHarryUITests.m */ = {isa = PBXFileReference; lastKnownFileType = sourcecode.c.objc; path = ronglcoudHarryUITests.m; sourceTree = "<group>"; };
		2FC5D7D01CDADCB100916655 /* Info.plist */ = {isa = PBXFileReference; lastKnownFileType = text.plist.xml; path = Info.plist; sourceTree = "<group>"; };
		2FCF5A731D06B5C200CBD2BC /* expandableCellViewController.h */ = {isa = PBXFileReference; fileEncoding = 4; lastKnownFileType = sourcecode.c.h; path = expandableCellViewController.h; sourceTree = "<group>"; };
		2FCF5A741D06B5C200CBD2BC /* expandableCellViewController.m */ = {isa = PBXFileReference; fileEncoding = 4; lastKnownFileType = sourcecode.c.objc; path = expandableCellViewController.m; sourceTree = "<group>"; };
		2FCF5A791D09592B00CBD2BC /* AVQuery+avqueryCategory.h */ = {isa = PBXFileReference; fileEncoding = 4; lastKnownFileType = sourcecode.c.h; path = "AVQuery+avqueryCategory.h"; sourceTree = "<group>"; };
		2FCF5A7A1D09592B00CBD2BC /* AVQuery+avqueryCategory.m */ = {isa = PBXFileReference; fileEncoding = 4; lastKnownFileType = sourcecode.c.objc; path = "AVQuery+avqueryCategory.m"; sourceTree = "<group>"; };
		2FCF5A7C1D09595D00CBD2BC /* AVOSCloud+AVOSCloudCategory.h */ = {isa = PBXFileReference; fileEncoding = 4; lastKnownFileType = sourcecode.c.h; path = "AVOSCloud+AVOSCloudCategory.h"; sourceTree = "<group>"; };
		2FCF5A7D1D09595D00CBD2BC /* AVOSCloud+AVOSCloudCategory.m */ = {isa = PBXFileReference; fileEncoding = 4; lastKnownFileType = sourcecode.c.objc; path = "AVOSCloud+AVOSCloudCategory.m"; sourceTree = "<group>"; };
		2FF3732C1CE339440040B140 /* OtherViewController.h */ = {isa = PBXFileReference; fileEncoding = 4; lastKnownFileType = sourcecode.c.h; path = OtherViewController.h; sourceTree = "<group>"; };
		2FF3732D1CE339440040B140 /* OtherViewController.m */ = {isa = PBXFileReference; fileEncoding = 4; lastKnownFileType = sourcecode.c.objc; path = OtherViewController.m; sourceTree = "<group>"; };
		2FF373301CE41CF00040B140 /* LoadMoreViewController.h */ = {isa = PBXFileReference; fileEncoding = 4; lastKnownFileType = sourcecode.c.h; path = LoadMoreViewController.h; sourceTree = "<group>"; };
		2FF373311CE41CF00040B140 /* LoadMoreViewController.m */ = {isa = PBXFileReference; fileEncoding = 4; lastKnownFileType = sourcecode.c.objc; path = LoadMoreViewController.m; sourceTree = "<group>"; };
		2FF373331CE41D3F0040B140 /* WevViewViewController.h */ = {isa = PBXFileReference; fileEncoding = 4; lastKnownFileType = sourcecode.c.h; path = WevViewViewController.h; sourceTree = "<group>"; };
		2FF373341CE41D3F0040B140 /* WevViewViewController.m */ = {isa = PBXFileReference; fileEncoding = 4; lastKnownFileType = sourcecode.c.objc; path = WevViewViewController.m; sourceTree = "<group>"; };
		2FF373361CE43E490040B140 /* MJRefresh */ = {isa = PBXFileReference; lastKnownFileType = folder; path = MJRefresh; sourceTree = "<group>"; };
		518E2A808A1F0B0D4A73F347 /* Pods-ronglcoudHarryTests.staging.xcconfig */ = {isa = PBXFileReference; includeInIndex = 1; lastKnownFileType = text.xcconfig; name = "Pods-ronglcoudHarryTests.staging.xcconfig"; path = "Pods/Target Support Files/Pods-ronglcoudHarryTests/Pods-ronglcoudHarryTests.staging.xcconfig"; sourceTree = "<group>"; };
		72F70620D415290DE9E2DAEA /* Pods-ronglcoudHarryTests.debug.xcconfig */ = {isa = PBXFileReference; includeInIndex = 1; lastKnownFileType = text.xcconfig; name = "Pods-ronglcoudHarryTests.debug.xcconfig"; path = "Pods/Target Support Files/Pods-ronglcoudHarryTests/Pods-ronglcoudHarryTests.debug.xcconfig"; sourceTree = "<group>"; };
		82653ACD7000D56FD5DF4302 /* libPods-ronglcoudHarry.a */ = {isa = PBXFileReference; explicitFileType = archive.ar; includeInIndex = 0; path = "libPods-ronglcoudHarry.a"; sourceTree = BUILT_PRODUCTS_DIR; };
		8515DAC6827563159375D159 /* Pods-ronglcoudHarryUITests.staging.xcconfig */ = {isa = PBXFileReference; includeInIndex = 1; lastKnownFileType = text.xcconfig; name = "Pods-ronglcoudHarryUITests.staging.xcconfig"; path = "Pods/Target Support Files/Pods-ronglcoudHarryUITests/Pods-ronglcoudHarryUITests.staging.xcconfig"; sourceTree = "<group>"; };
		8FAD69980C00AB2A45DFE18D /* libPods-ronglcoudHarryUITests.a */ = {isa = PBXFileReference; explicitFileType = archive.ar; includeInIndex = 0; path = "libPods-ronglcoudHarryUITests.a"; sourceTree = BUILT_PRODUCTS_DIR; };
		C03E8367137E4353D0B36D2D /* Pods-ronglcoudHarryUITests.release.xcconfig */ = {isa = PBXFileReference; includeInIndex = 1; lastKnownFileType = text.xcconfig; name = "Pods-ronglcoudHarryUITests.release.xcconfig"; path = "Pods/Target Support Files/Pods-ronglcoudHarryUITests/Pods-ronglcoudHarryUITests.release.xcconfig"; sourceTree = "<group>"; };
		C722733078AE77C26A1D5E8F /* libPods-ronglcoudHarryTests.a */ = {isa = PBXFileReference; explicitFileType = archive.ar; includeInIndex = 0; path = "libPods-ronglcoudHarryTests.a"; sourceTree = BUILT_PRODUCTS_DIR; };
		D38649E9AF4B4CC6C6849F1F /* Pods-ronglcoudHarry.debug.xcconfig */ = {isa = PBXFileReference; includeInIndex = 1; lastKnownFileType = text.xcconfig; name = "Pods-ronglcoudHarry.debug.xcconfig"; path = "Pods/Target Support Files/Pods-ronglcoudHarry/Pods-ronglcoudHarry.debug.xcconfig"; sourceTree = "<group>"; };
		D72682A2006F514B65A32607 /* Pods-ronglcoudHarry.release.xcconfig */ = {isa = PBXFileReference; includeInIndex = 1; lastKnownFileType = text.xcconfig; name = "Pods-ronglcoudHarry.release.xcconfig"; path = "Pods/Target Support Files/Pods-ronglcoudHarry/Pods-ronglcoudHarry.release.xcconfig"; sourceTree = "<group>"; };
		F1D0CA6C95EAE4BC6EBF5A6C /* Pods-ronglcoudHarryTests.release.xcconfig */ = {isa = PBXFileReference; includeInIndex = 1; lastKnownFileType = text.xcconfig; name = "Pods-ronglcoudHarryTests.release.xcconfig"; path = "Pods/Target Support Files/Pods-ronglcoudHarryTests/Pods-ronglcoudHarryTests.release.xcconfig"; sourceTree = "<group>"; };
		FD549D0FC2DB3DB6C5B4F5FF /* Pods-ronglcoudHarry.staging.xcconfig */ = {isa = PBXFileReference; includeInIndex = 1; lastKnownFileType = text.xcconfig; name = "Pods-ronglcoudHarry.staging.xcconfig"; path = "Pods/Target Support Files/Pods-ronglcoudHarry/Pods-ronglcoudHarry.staging.xcconfig"; sourceTree = "<group>"; };
/* End PBXFileReference section */

/* Begin PBXFrameworksBuildPhase section */
		2F93FC371D30F38000865AFD /* Frameworks */ = {
			isa = PBXFrameworksBuildPhase;
			buildActionMask = 2147483647;
			files = (
				2F93FC381D30F38000865AFD /* libPods-ronglcoudHarry.a in Frameworks */,
			);
			runOnlyForDeploymentPostprocessing = 0;
		};
		2FC5D7A31CDADCB000916655 /* Frameworks */ = {
			isa = PBXFrameworksBuildPhase;
			buildActionMask = 2147483647;
			files = (
				6DC0E0095B1AC14888B5D934 /* libPods-ronglcoudHarry.a in Frameworks */,
			);
			runOnlyForDeploymentPostprocessing = 0;
		};
		2FC5D7BC1CDADCB100916655 /* Frameworks */ = {
			isa = PBXFrameworksBuildPhase;
			buildActionMask = 2147483647;
			files = (
				53AC9DBB0ACC3E2DA74C1D0A /* libPods-ronglcoudHarryTests.a in Frameworks */,
			);
			runOnlyForDeploymentPostprocessing = 0;
		};
		2FC5D7C71CDADCB100916655 /* Frameworks */ = {
			isa = PBXFrameworksBuildPhase;
			buildActionMask = 2147483647;
			files = (
				B0029107D9F560B64A93ACF6 /* libPods-ronglcoudHarryUITests.a in Frameworks */,
			);
			runOnlyForDeploymentPostprocessing = 0;
		};
/* End PBXFrameworksBuildPhase section */

/* Begin PBXGroup section */
		2F1326E61CE0469E0037F28E /* DataBase */ = {
			isa = PBXGroup;
			children = (
				2F1326E31CE046950037F28E /* DataBaseUtillity.h */,
				2F1326E41CE046950037F28E /* DataBaseUtillity.m */,
				2F43AE711CE1A7E600FDEFBE /* DBASingleton.h */,
				2F43AE721CE1A7E600FDEFBE /* DBASingleton.m */,
			);
			name = DataBase;
			sourceTree = "<group>";
		};
		2F6811051CF0767500ECC09A /* Model */ = {
			isa = PBXGroup;
			children = (
				2F6811021CF0767000ECC09A /* studentModelGlobalVariable.h */,
				2F6811031CF0767000ECC09A /* studentModelGlobalVariable.m */,
			);
			name = Model;
			sourceTree = "<group>";
		};
		2F93FD1A1D34E3F400865AFD /* stageone */ = {
			isa = PBXGroup;
			children = (
				2FCF5A7C1D09595D00CBD2BC /* AVOSCloud+AVOSCloudCategory.h */,
				2FCF5A7D1D09595D00CBD2BC /* AVOSCloud+AVOSCloudCategory.m */,
				2FCF5A791D09592B00CBD2BC /* AVQuery+avqueryCategory.h */,
				2FCF5A7A1D09592B00CBD2BC /* AVQuery+avqueryCategory.m */,
				2FCF5A731D06B5C200CBD2BC /* expandableCellViewController.h */,
				2FCF5A741D06B5C200CBD2BC /* expandableCellViewController.m */,
				2F6D751B1CF30A340026B79E /* containedInViewController.h */,
				2F6D751C1CF30A340026B79E /* containedInViewController.m */,
				2FF373301CE41CF00040B140 /* LoadMoreViewController.h */,
				2FF373311CE41CF00040B140 /* LoadMoreViewController.m */,
				2FF373331CE41D3F0040B140 /* WevViewViewController.h */,
				2FF373341CE41D3F0040B140 /* WevViewViewController.m */,
				2F5D92981CEE0D3300CC4251 /* SDWebImageViewController.h */,
				2F5D92991CEE0D3300CC4251 /* SDWebImageViewController.m */,
				2F6810F91CEF16D300ECC09A /* NSNotificationCenterViewController.h */,
				2F6810FA1CEF16D300ECC09A /* NSNotificationCenterViewController.m */,
				2F6810FF1CF0312B00ECC09A /* CurrentUserAddObjViewController.h */,
				2F6811001CF0312B00ECC09A /* CurrentUserAddObjViewController.m */,
				2FA3B8A31CF1D62E003D98EF /* recursiveBlockViewController.h */,
				2FA3B8A41CF1D62E003D98EF /* recursiveBlockViewController.m */,
			);
			name = stageone;
			sourceTree = "<group>";
		};
		2F93FD231D34E5A100865AFD /* Login */ = {
			isa = PBXGroup;
			children = (
				2F1326E01CE035D40037F28E /* LoginViewController.h */,
				2F1326E11CE035D40037F28E /* LoginViewController.m */,
			);
			name = Login;
			sourceTree = "<group>";
		};
		2F93FD241D34E5A900865AFD /* Signup */ = {
			isa = PBXGroup;
			children = (
				2F1326DD1CE02F2D0037F28E /* UserSignUpViewController.h */,
				2F1326DE1CE02F2D0037F28E /* UserSignUpViewController.m */,
			);
			name = Signup;
			sourceTree = "<group>";
		};
		2F93FD251D34E5B000865AFD /* GroupChat */ = {
			isa = PBXGroup;
			children = (
				2F1326DA1CDF35420037F28E /* groupChatViewController.h */,
				2F1326DB1CDF35420037F28E /* groupChatViewController.m */,
			);
			name = GroupChat;
			sourceTree = "<group>";
		};
		2FC5D79D1CDADCB000916655 = {
			isa = PBXGroup;
			children = (
				2FC5D7A81CDADCB100916655 /* ronglcoudHarry */,
				2FC5D7C21CDADCB100916655 /* ronglcoudHarryTests */,
				2FC5D7CD1CDADCB100916655 /* ronglcoudHarryUITests */,
				2FC5D7A71CDADCB000916655 /* Products */,
				3B69873201F4DAC301A92774 /* Pods */,
				FE6B1F9C1C0634CA512B9D99 /* Frameworks */,
				2F93FC451D30F38100865AFD /* ronglcoudHarry copy-Info.plist */,
			);
			sourceTree = "<group>";
		};
		2FC5D7A71CDADCB000916655 /* Products */ = {
			isa = PBXGroup;
			children = (
				2FC5D7A61CDADCB000916655 /* ronglcoudHarry.app */,
				2FC5D7BF1CDADCB100916655 /* ronglcoudHarryTests.xctest */,
				2FC5D7CA1CDADCB100916655 /* ronglcoudHarryUITests.xctest */,
				2F93FC441D30F38000865AFD /* ronglcoudHarryDev.app */,
			);
			name = Products;
			sourceTree = "<group>";
		};
		2FC5D7A81CDADCB100916655 /* ronglcoudHarry */ = {
			isa = PBXGroup;
			children = (
				2FF373361CE43E490040B140 /* MJRefresh */,
				2FC5D7AC1CDADCB100916655 /* AppDelegate.h */,
				2FC5D7AD1CDADCB100916655 /* AppDelegate.m */,
				2F65AD7E1CDB2A5C009962F9 /* tabBarController.h */,
				2F65AD7F1CDB2A5C009962F9 /* tabBarController.m */,
				2FC5D7AF1CDADCB100916655 /* ViewController.h */,
				2FC5D7B01CDADCB100916655 /* ViewController.m */,
				2FC5D7B21CDADCB100916655 /* Main.storyboard */,
				2FC5D7B51CDADCB100916655 /* Assets.xcassets */,
				2FC5D7B71CDADCB100916655 /* LaunchScreen.storyboard */,
				2FC5D7BA1CDADCB100916655 /* Info.plist */,
				2FC5D7A91CDADCB100916655 /* Supporting Files */,
				2FA9389C1CDB40AB0059FF52 /* chatVC.h */,
				2FA9389D1CDB40AB0059FF52 /* chatVC.m */,
				2F13C14E1CDC8AC30030E0DB /* PrefixHeader.pch */,
				2F93FD251D34E5B000865AFD /* GroupChat */,
				2F93FD241D34E5A900865AFD /* Signup */,
				2F93FD231D34E5A100865AFD /* Login */,
				2F1326E61CE0469E0037F28E /* DataBase */,
				2FF3732F1CE33AC90040B140 /* OtherViewController */,
				2FA3B8A01CF1A5AE003D98EF /* RCDChatViewController.h */,
				2FA3B8A11CF1A5AE003D98EF /* RCDChatViewController.m */,
				2F9690671D30E9930014D9BC /* constantsHarry.h */,
			);
			path = ronglcoudHarry;
			sourceTree = "<group>";
		};
		2FC5D7A91CDADCB100916655 /* Supporting Files */ = {
			isa = PBXGroup;
			children = (
				2FC5D7AA1CDADCB100916655 /* main.m */,
			);
			name = "Supporting Files";
			sourceTree = "<group>";
		};
		2FC5D7C21CDADCB100916655 /* ronglcoudHarryTests */ = {
			isa = PBXGroup;
			children = (
				2FC5D7C31CDADCB100916655 /* ronglcoudHarryTests.m */,
				2FC5D7C51CDADCB100916655 /* Info.plist */,
			);
			path = ronglcoudHarryTests;
			sourceTree = "<group>";
		};
		2FC5D7CD1CDADCB100916655 /* ronglcoudHarryUITests */ = {
			isa = PBXGroup;
			children = (
				2FC5D7CE1CDADCB100916655 /* ronglcoudHarryUITests.m */,
				2FC5D7D01CDADCB100916655 /* Info.plist */,
			);
			path = ronglcoudHarryUITests;
			sourceTree = "<group>";
		};
		2FF3732F1CE33AC90040B140 /* OtherViewController */ = {
			isa = PBXGroup;
			children = (
				2FF3732C1CE339440040B140 /* OtherViewController.h */,
				2FF3732D1CE339440040B140 /* OtherViewController.m */,
				2F93FD1A1D34E3F400865AFD /* stageone */,
				2F6811051CF0767500ECC09A /* Model */,
				2F93FD1B1D34E42800865AFD /* GeoLocationUIViewController.h */,
				2F93FD1C1D34E42800865AFD /* GeoLocationUIViewController.m */,
				2F93FD1F1D34E57800865AFD /* OtherViewControllerWithTableView.h */,
				2F93FD201D34E57800865AFD /* OtherViewControllerWithTableView.m */,
			);
			name = OtherViewController;
			sourceTree = "<group>";
		};
		3B69873201F4DAC301A92774 /* Pods */ = {
			isa = PBXGroup;
			children = (
				D38649E9AF4B4CC6C6849F1F /* Pods-ronglcoudHarry.debug.xcconfig */,
				D72682A2006F514B65A32607 /* Pods-ronglcoudHarry.release.xcconfig */,
				72F70620D415290DE9E2DAEA /* Pods-ronglcoudHarryTests.debug.xcconfig */,
				F1D0CA6C95EAE4BC6EBF5A6C /* Pods-ronglcoudHarryTests.release.xcconfig */,
				1E5D7CF9EEADEEA55B9FDBC2 /* Pods-ronglcoudHarryUITests.debug.xcconfig */,
				C03E8367137E4353D0B36D2D /* Pods-ronglcoudHarryUITests.release.xcconfig */,
				FD549D0FC2DB3DB6C5B4F5FF /* Pods-ronglcoudHarry.staging.xcconfig */,
				518E2A808A1F0B0D4A73F347 /* Pods-ronglcoudHarryTests.staging.xcconfig */,
				8515DAC6827563159375D159 /* Pods-ronglcoudHarryUITests.staging.xcconfig */,
			);
			name = Pods;
			sourceTree = "<group>";
		};
		FE6B1F9C1C0634CA512B9D99 /* Frameworks */ = {
			isa = PBXGroup;
			children = (
				2F93FD191D34E39C00865AFD /* PrefixHeader.pch */,
				82653ACD7000D56FD5DF4302 /* libPods-ronglcoudHarry.a */,
				C722733078AE77C26A1D5E8F /* libPods-ronglcoudHarryTests.a */,
				8FAD69980C00AB2A45DFE18D /* libPods-ronglcoudHarryUITests.a */,
			);
			name = Frameworks;
			sourceTree = "<group>";
		};
/* End PBXGroup section */

/* Begin PBXNativeTarget section */
		2F93FC1D1D30F38000865AFD /* ronglcoudHarryDev */ = {
			isa = PBXNativeTarget;
			buildConfigurationList = 2F93FC401D30F38000865AFD /* Build configuration list for PBXNativeTarget "ronglcoudHarryDev" */;
			buildPhases = (
				2F93FC1E1D30F38000865AFD /* 📦 Check Pods Manifest.lock */,
				2F93FC1F1D30F38000865AFD /* Sources */,
				2F93FC371D30F38000865AFD /* Frameworks */,
				2F93FC391D30F38000865AFD /* Resources */,
				2F93FC3E1D30F38000865AFD /* 📦 Embed Pods Frameworks */,
				2F93FC3F1D30F38000865AFD /* 📦 Copy Pods Resources */,
			);
			buildRules = (
			);
			dependencies = (
			);
			name = ronglcoudHarryDev;
			productName = ronglcoudHarry;
			productReference = 2F93FC441D30F38000865AFD /* ronglcoudHarryDev.app */;
			productType = "com.apple.product-type.application";
		};
		2FC5D7A51CDADCB000916655 /* ronglcoudHarry */ = {
			isa = PBXNativeTarget;
			buildConfigurationList = 2FC5D7D31CDADCB100916655 /* Build configuration list for PBXNativeTarget "ronglcoudHarry" */;
			buildPhases = (
				820F7BE11EA708D69900EC03 /* 📦 Check Pods Manifest.lock */,
				2FC5D7A21CDADCB000916655 /* Sources */,
				2FC5D7A31CDADCB000916655 /* Frameworks */,
				2FC5D7A41CDADCB000916655 /* Resources */,
				5B9DC3A635847E12AA598373 /* 📦 Embed Pods Frameworks */,
				FF29B0F20FB0A98553C970C4 /* 📦 Copy Pods Resources */,
			);
			buildRules = (
			);
			dependencies = (
			);
			name = ronglcoudHarry;
			productName = ronglcoudHarry;
			productReference = 2FC5D7A61CDADCB000916655 /* ronglcoudHarry.app */;
			productType = "com.apple.product-type.application";
		};
		2FC5D7BE1CDADCB100916655 /* ronglcoudHarryTests */ = {
			isa = PBXNativeTarget;
			buildConfigurationList = 2FC5D7D61CDADCB100916655 /* Build configuration list for PBXNativeTarget "ronglcoudHarryTests" */;
			buildPhases = (
				7765DEABB8A28A224B678723 /* 📦 Check Pods Manifest.lock */,
				2FC5D7BB1CDADCB100916655 /* Sources */,
				2FC5D7BC1CDADCB100916655 /* Frameworks */,
				2FC5D7BD1CDADCB100916655 /* Resources */,
				58DB870BC29CE33F8CD09002 /* 📦 Embed Pods Frameworks */,
				1B4EBD43725B0C81E260C733 /* 📦 Copy Pods Resources */,
			);
			buildRules = (
			);
			dependencies = (
				2FC5D7C11CDADCB100916655 /* PBXTargetDependency */,
			);
			name = ronglcoudHarryTests;
			productName = ronglcoudHarryTests;
			productReference = 2FC5D7BF1CDADCB100916655 /* ronglcoudHarryTests.xctest */;
			productType = "com.apple.product-type.bundle.unit-test";
		};
		2FC5D7C91CDADCB100916655 /* ronglcoudHarryUITests */ = {
			isa = PBXNativeTarget;
			buildConfigurationList = 2FC5D7D91CDADCB100916655 /* Build configuration list for PBXNativeTarget "ronglcoudHarryUITests" */;
			buildPhases = (
				917483398B7DA79A86D9D6AA /* 📦 Check Pods Manifest.lock */,
				2FC5D7C61CDADCB100916655 /* Sources */,
				2FC5D7C71CDADCB100916655 /* Frameworks */,
				2FC5D7C81CDADCB100916655 /* Resources */,
				2BE397C9911358427E93B8D4 /* 📦 Copy Pods Resources */,
			);
			buildRules = (
			);
			dependencies = (
				2FC5D7CC1CDADCB100916655 /* PBXTargetDependency */,
			);
			name = ronglcoudHarryUITests;
			productName = ronglcoudHarryUITests;
			productReference = 2FC5D7CA1CDADCB100916655 /* ronglcoudHarryUITests.xctest */;
			productType = "com.apple.product-type.bundle.ui-testing";
		};
/* End PBXNativeTarget section */

/* Begin PBXProject section */
		2FC5D79E1CDADCB000916655 /* Project object */ = {
			isa = PBXProject;
			attributes = {
				LastUpgradeCheck = 0730;
				ORGANIZATIONNAME = harryfeng;
				TargetAttributes = {
					2FC5D7A51CDADCB000916655 = {
						CreatedOnToolsVersion = 7.3;
						DevelopmentTeam = XPL87BVWUU;
					};
					2FC5D7BE1CDADCB100916655 = {
						CreatedOnToolsVersion = 7.3;
						TestTargetID = 2FC5D7A51CDADCB000916655;
					};
					2FC5D7C91CDADCB100916655 = {
						CreatedOnToolsVersion = 7.3;
						TestTargetID = 2FC5D7A51CDADCB000916655;
					};
				};
			};
			buildConfigurationList = 2FC5D7A11CDADCB000916655 /* Build configuration list for PBXProject "ronglcoudHarry" */;
			compatibilityVersion = "Xcode 3.2";
			developmentRegion = English;
			hasScannedForEncodings = 0;
			knownRegions = (
				en,
				Base,
			);
			mainGroup = 2FC5D79D1CDADCB000916655;
			productRefGroup = 2FC5D7A71CDADCB000916655 /* Products */;
			projectDirPath = "";
			projectRoot = "";
			targets = (
				2FC5D7A51CDADCB000916655 /* ronglcoudHarry */,
				2FC5D7BE1CDADCB100916655 /* ronglcoudHarryTests */,
				2FC5D7C91CDADCB100916655 /* ronglcoudHarryUITests */,
				2F93FC1D1D30F38000865AFD /* ronglcoudHarryDev */,
			);
		};
/* End PBXProject section */

/* Begin PBXResourcesBuildPhase section */
		2F93FC391D30F38000865AFD /* Resources */ = {
			isa = PBXResourcesBuildPhase;
			buildActionMask = 2147483647;
			files = (
				2F93FC3A1D30F38000865AFD /* LaunchScreen.storyboard in Resources */,
				2F93FC3B1D30F38000865AFD /* Assets.xcassets in Resources */,
				2F93FC3C1D30F38000865AFD /* Main.storyboard in Resources */,
				2F93FC3D1D30F38000865AFD /* MJRefresh in Resources */,
			);
			runOnlyForDeploymentPostprocessing = 0;
		};
		2FC5D7A41CDADCB000916655 /* Resources */ = {
			isa = PBXResourcesBuildPhase;
			buildActionMask = 2147483647;
			files = (
				2FC5D7B91CDADCB100916655 /* LaunchScreen.storyboard in Resources */,
				2FC5D7B61CDADCB100916655 /* Assets.xcassets in Resources */,
				2FC5D7B41CDADCB100916655 /* Main.storyboard in Resources */,
				2FF373371CE43E490040B140 /* MJRefresh in Resources */,
			);
			runOnlyForDeploymentPostprocessing = 0;
		};
		2FC5D7BD1CDADCB100916655 /* Resources */ = {
			isa = PBXResourcesBuildPhase;
			buildActionMask = 2147483647;
			files = (
			);
			runOnlyForDeploymentPostprocessing = 0;
		};
		2FC5D7C81CDADCB100916655 /* Resources */ = {
			isa = PBXResourcesBuildPhase;
			buildActionMask = 2147483647;
			files = (
			);
			runOnlyForDeploymentPostprocessing = 0;
		};
/* End PBXResourcesBuildPhase section */

/* Begin PBXShellScriptBuildPhase section */
		1B4EBD43725B0C81E260C733 /* 📦 Copy Pods Resources */ = {
			isa = PBXShellScriptBuildPhase;
			buildActionMask = 2147483647;
			files = (
			);
			inputPaths = (
			);
			name = "📦 Copy Pods Resources";
			outputPaths = (
			);
			runOnlyForDeploymentPostprocessing = 0;
			shellPath = /bin/sh;
			shellScript = "\"${SRCROOT}/Pods/Target Support Files/Pods-ronglcoudHarryTests/Pods-ronglcoudHarryTests-resources.sh\"\n";
			showEnvVarsInLog = 0;
		};
		2BE397C9911358427E93B8D4 /* 📦 Copy Pods Resources */ = {
			isa = PBXShellScriptBuildPhase;
			buildActionMask = 2147483647;
			files = (
			);
			inputPaths = (
			);
			name = "📦 Copy Pods Resources";
			outputPaths = (
			);
			runOnlyForDeploymentPostprocessing = 0;
			shellPath = /bin/sh;
			shellScript = "\"${SRCROOT}/Pods/Target Support Files/Pods-ronglcoudHarryUITests/Pods-ronglcoudHarryUITests-resources.sh\"\n";
			showEnvVarsInLog = 0;
		};
		2F93FC1E1D30F38000865AFD /* 📦 Check Pods Manifest.lock */ = {
			isa = PBXShellScriptBuildPhase;
			buildActionMask = 2147483647;
			files = (
			);
			inputPaths = (
			);
			name = "📦 Check Pods Manifest.lock";
			outputPaths = (
			);
			runOnlyForDeploymentPostprocessing = 0;
			shellPath = /bin/sh;
			shellScript = "diff \"${PODS_ROOT}/../Podfile.lock\" \"${PODS_ROOT}/Manifest.lock\" > /dev/null\nif [[ $? != 0 ]] ; then\n    cat << EOM\nerror: The sandbox is not in sync with the Podfile.lock. Run 'pod install' or update your CocoaPods installation.\nEOM\n    exit 1\nfi\n";
			showEnvVarsInLog = 0;
		};
		2F93FC3E1D30F38000865AFD /* 📦 Embed Pods Frameworks */ = {
			isa = PBXShellScriptBuildPhase;
			buildActionMask = 2147483647;
			files = (
			);
			inputPaths = (
			);
			name = "📦 Embed Pods Frameworks";
			outputPaths = (
			);
			runOnlyForDeploymentPostprocessing = 0;
			shellPath = /bin/sh;
			shellScript = "\"${SRCROOT}/Pods/Target Support Files/Pods-ronglcoudHarry/Pods-ronglcoudHarry-frameworks.sh\"\n";
			showEnvVarsInLog = 0;
		};
		2F93FC3F1D30F38000865AFD /* 📦 Copy Pods Resources */ = {
			isa = PBXShellScriptBuildPhase;
			buildActionMask = 2147483647;
			files = (
			);
			inputPaths = (
			);
			name = "📦 Copy Pods Resources";
			outputPaths = (
			);
			runOnlyForDeploymentPostprocessing = 0;
			shellPath = /bin/sh;
			shellScript = "\"${SRCROOT}/Pods/Target Support Files/Pods-ronglcoudHarry/Pods-ronglcoudHarry-resources.sh\"\n";
			showEnvVarsInLog = 0;
		};
		58DB870BC29CE33F8CD09002 /* 📦 Embed Pods Frameworks */ = {
			isa = PBXShellScriptBuildPhase;
			buildActionMask = 2147483647;
			files = (
			);
			inputPaths = (
			);
			name = "📦 Embed Pods Frameworks";
			outputPaths = (
			);
			runOnlyForDeploymentPostprocessing = 0;
			shellPath = /bin/sh;
			shellScript = "\"${SRCROOT}/Pods/Target Support Files/Pods-ronglcoudHarryTests/Pods-ronglcoudHarryTests-frameworks.sh\"\n";
			showEnvVarsInLog = 0;
		};
		5B9DC3A635847E12AA598373 /* 📦 Embed Pods Frameworks */ = {
			isa = PBXShellScriptBuildPhase;
			buildActionMask = 2147483647;
			files = (
			);
			inputPaths = (
			);
			name = "📦 Embed Pods Frameworks";
			outputPaths = (
			);
			runOnlyForDeploymentPostprocessing = 0;
			shellPath = /bin/sh;
			shellScript = "\"${SRCROOT}/Pods/Target Support Files/Pods-ronglcoudHarry/Pods-ronglcoudHarry-frameworks.sh\"\n";
			showEnvVarsInLog = 0;
		};
		7765DEABB8A28A224B678723 /* 📦 Check Pods Manifest.lock */ = {
			isa = PBXShellScriptBuildPhase;
			buildActionMask = 2147483647;
			files = (
			);
			inputPaths = (
			);
			name = "📦 Check Pods Manifest.lock";
			outputPaths = (
			);
			runOnlyForDeploymentPostprocessing = 0;
			shellPath = /bin/sh;
			shellScript = "diff \"${PODS_ROOT}/../Podfile.lock\" \"${PODS_ROOT}/Manifest.lock\" > /dev/null\nif [[ $? != 0 ]] ; then\n    cat << EOM\nerror: The sandbox is not in sync with the Podfile.lock. Run 'pod install' or update your CocoaPods installation.\nEOM\n    exit 1\nfi\n";
			showEnvVarsInLog = 0;
		};
		820F7BE11EA708D69900EC03 /* 📦 Check Pods Manifest.lock */ = {
			isa = PBXShellScriptBuildPhase;
			buildActionMask = 2147483647;
			files = (
			);
			inputPaths = (
			);
			name = "📦 Check Pods Manifest.lock";
			outputPaths = (
			);
			runOnlyForDeploymentPostprocessing = 0;
			shellPath = /bin/sh;
			shellScript = "diff \"${PODS_ROOT}/../Podfile.lock\" \"${PODS_ROOT}/Manifest.lock\" > /dev/null\nif [[ $? != 0 ]] ; then\n    cat << EOM\nerror: The sandbox is not in sync with the Podfile.lock. Run 'pod install' or update your CocoaPods installation.\nEOM\n    exit 1\nfi\n";
			showEnvVarsInLog = 0;
		};
		917483398B7DA79A86D9D6AA /* 📦 Check Pods Manifest.lock */ = {
			isa = PBXShellScriptBuildPhase;
			buildActionMask = 2147483647;
			files = (
			);
			inputPaths = (
			);
			name = "📦 Check Pods Manifest.lock";
			outputPaths = (
			);
			runOnlyForDeploymentPostprocessing = 0;
			shellPath = /bin/sh;
			shellScript = "diff \"${PODS_ROOT}/../Podfile.lock\" \"${PODS_ROOT}/Manifest.lock\" > /dev/null\nif [[ $? != 0 ]] ; then\n    cat << EOM\nerror: The sandbox is not in sync with the Podfile.lock. Run 'pod install' or update your CocoaPods installation.\nEOM\n    exit 1\nfi\n";
			showEnvVarsInLog = 0;
		};
		FF29B0F20FB0A98553C970C4 /* 📦 Copy Pods Resources */ = {
			isa = PBXShellScriptBuildPhase;
			buildActionMask = 2147483647;
			files = (
			);
			inputPaths = (
			);
			name = "📦 Copy Pods Resources";
			outputPaths = (
			);
			runOnlyForDeploymentPostprocessing = 0;
			shellPath = /bin/sh;
			shellScript = "\"${SRCROOT}/Pods/Target Support Files/Pods-ronglcoudHarry/Pods-ronglcoudHarry-resources.sh\"\n";
			showEnvVarsInLog = 0;
		};
/* End PBXShellScriptBuildPhase section */

/* Begin PBXSourcesBuildPhase section */
		2F93FC1F1D30F38000865AFD /* Sources */ = {
			isa = PBXSourcesBuildPhase;
			buildActionMask = 2147483647;
			files = (
				2F93FC201D30F38000865AFD /* SDWebImageViewController.m in Sources */,
				2F93FC211D30F38000865AFD /* AVOSCloud+AVOSCloudCategory.m in Sources */,
				2F93FC221D30F38000865AFD /* LoginViewController.m in Sources */,
				2F93FC231D30F38000865AFD /* DBASingleton.m in Sources */,
				2F93FC241D30F38000865AFD /* CurrentUserAddObjViewController.m in Sources */,
				2F93FC251D30F38000865AFD /* OtherViewController.m in Sources */,
				2F93FC261D30F38000865AFD /* containedInViewController.m in Sources */,
				2F93FC271D30F38000865AFD /* expandableCellViewController.m in Sources */,
				2F93FC281D30F38000865AFD /* DataBaseUtillity.m in Sources */,
				2F93FD1E1D34E42800865AFD /* GeoLocationUIViewController.m in Sources */,
				2F93FC291D30F38000865AFD /* RCDChatViewController.m in Sources */,
				2F93FC2A1D30F38000865AFD /* NSNotificationCenterViewController.m in Sources */,
				2F93FC2B1D30F38000865AFD /* ViewController.m in Sources */,
				2F93FC2C1D30F38000865AFD /* WevViewViewController.m in Sources */,
				2F93FC2D1D30F38000865AFD /* LoadMoreViewController.m in Sources */,
				2F93FC2E1D30F38000865AFD /* tabBarController.m in Sources */,
				2F93FC2F1D30F38000865AFD /* groupChatViewController.m in Sources */,
				2F93FC301D30F38000865AFD /* chatVC.m in Sources */,
				2F93FC311D30F38000865AFD /* AppDelegate.m in Sources */,
				2F93FC321D30F38000865AFD /* recursiveBlockViewController.m in Sources */,
				2F93FD221D34E57800865AFD /* OtherViewControllerWithTableView.m in Sources */,
				2F93FC331D30F38000865AFD /* studentModelGlobalVariable.m in Sources */,
				2F93FC341D30F38000865AFD /* UserSignUpViewController.m in Sources */,
				2F93FC351D30F38000865AFD /* main.m in Sources */,
				2F93FC361D30F38000865AFD /* AVQuery+avqueryCategory.m in Sources */,
			);
			runOnlyForDeploymentPostprocessing = 0;
		};
		2FC5D7A21CDADCB000916655 /* Sources */ = {
			isa = PBXSourcesBuildPhase;
			buildActionMask = 2147483647;
			files = (
				2F5D929A1CEE0D3300CC4251 /* SDWebImageViewController.m in Sources */,
				2FCF5A7E1D09595D00CBD2BC /* AVOSCloud+AVOSCloudCategory.m in Sources */,
				2F1326E21CE035D40037F28E /* LoginViewController.m in Sources */,
				2F43AE731CE1A7E600FDEFBE /* DBASingleton.m in Sources */,
				2F6811011CF0312B00ECC09A /* CurrentUserAddObjViewController.m in Sources */,
				2FF3732E1CE339440040B140 /* OtherViewController.m in Sources */,
				2F6D751D1CF30A340026B79E /* containedInViewController.m in Sources */,
				2FCF5A751D06B5C200CBD2BC /* expandableCellViewController.m in Sources */,
				2F1326E51CE046950037F28E /* DataBaseUtillity.m in Sources */,
				2F93FD1D1D34E42800865AFD /* GeoLocationUIViewController.m in Sources */,
				2FA3B8A21CF1A5AE003D98EF /* RCDChatViewController.m in Sources */,
				2F6810FB1CEF16D300ECC09A /* NSNotificationCenterViewController.m in Sources */,
				2FC5D7B11CDADCB100916655 /* ViewController.m in Sources */,
				2FF373351CE41D3F0040B140 /* WevViewViewController.m in Sources */,
				2FF373321CE41CF00040B140 /* LoadMoreViewController.m in Sources */,
				2F65AD801CDB2A5C009962F9 /* tabBarController.m in Sources */,
				2F1326DC1CDF35420037F28E /* groupChatViewController.m in Sources */,
				2FA9389E1CDB40AB0059FF52 /* chatVC.m in Sources */,
				2FC5D7AE1CDADCB100916655 /* AppDelegate.m in Sources */,
				2FA3B8A51CF1D62E003D98EF /* recursiveBlockViewController.m in Sources */,
				2F93FD211D34E57800865AFD /* OtherViewControllerWithTableView.m in Sources */,
				2F6811041CF0767000ECC09A /* studentModelGlobalVariable.m in Sources */,
				2F1326DF1CE02F2D0037F28E /* UserSignUpViewController.m in Sources */,
				2FC5D7AB1CDADCB100916655 /* main.m in Sources */,
				2FCF5A7B1D09592C00CBD2BC /* AVQuery+avqueryCategory.m in Sources */,
			);
			runOnlyForDeploymentPostprocessing = 0;
		};
		2FC5D7BB1CDADCB100916655 /* Sources */ = {
			isa = PBXSourcesBuildPhase;
			buildActionMask = 2147483647;
			files = (
				2FC5D7C41CDADCB100916655 /* ronglcoudHarryTests.m in Sources */,
			);
			runOnlyForDeploymentPostprocessing = 0;
		};
		2FC5D7C61CDADCB100916655 /* Sources */ = {
			isa = PBXSourcesBuildPhase;
			buildActionMask = 2147483647;
			files = (
				2FC5D7CF1CDADCB100916655 /* ronglcoudHarryUITests.m in Sources */,
			);
			runOnlyForDeploymentPostprocessing = 0;
		};
/* End PBXSourcesBuildPhase section */

/* Begin PBXTargetDependency section */
		2FC5D7C11CDADCB100916655 /* PBXTargetDependency */ = {
			isa = PBXTargetDependency;
			target = 2FC5D7A51CDADCB000916655 /* ronglcoudHarry */;
			targetProxy = 2FC5D7C01CDADCB100916655 /* PBXContainerItemProxy */;
		};
		2FC5D7CC1CDADCB100916655 /* PBXTargetDependency */ = {
			isa = PBXTargetDependency;
			target = 2FC5D7A51CDADCB000916655 /* ronglcoudHarry */;
			targetProxy = 2FC5D7CB1CDADCB100916655 /* PBXContainerItemProxy */;
		};
/* End PBXTargetDependency section */

/* Begin PBXVariantGroup section */
		2FC5D7B21CDADCB100916655 /* Main.storyboard */ = {
			isa = PBXVariantGroup;
			children = (
				2FC5D7B31CDADCB100916655 /* Base */,
			);
			name = Main.storyboard;
			sourceTree = "<group>";
		};
		2FC5D7B71CDADCB100916655 /* LaunchScreen.storyboard */ = {
			isa = PBXVariantGroup;
			children = (
				2FC5D7B81CDADCB100916655 /* Base */,
			);
			name = LaunchScreen.storyboard;
			sourceTree = "<group>";
		};
/* End PBXVariantGroup section */

/* Begin XCBuildConfiguration section */
		2F93FC411D30F38000865AFD /* Debug */ = {
			isa = XCBuildConfiguration;
			baseConfigurationReference = D38649E9AF4B4CC6C6849F1F /* Pods-ronglcoudHarry.debug.xcconfig */;
			buildSettings = {
				ASSETCATALOG_COMPILER_APPICON_NAME = AppIcon;
				CODE_SIGN_IDENTITY = "iPhone Developer";
				"CODE_SIGN_IDENTITY[sdk=iphoneos*]" = "iPhone Developer";
				GCC_PREFIX_HEADER = /Users/harryfeng/Downloads/rongcloudHarry/ronglcoudHarry/PrefixHeader.pch;
				GCC_PREPROCESSOR_DEFINITIONS = "DEVELOPMENT=1";
				INFOPLIST_FILE = "ronglcoudHarry copy-Info.plist";
				LD_RUNPATH_SEARCH_PATHS = "$(inherited) @executable_path/Frameworks";
				PRODUCT_BUNDLE_IDENTIFIER = com.rongcloudharry.ronglcoudHarryDev;
				PRODUCT_NAME = "$(TARGET_NAME)";
				PROVISIONING_PROFILE = "";
			};
			name = Debug;
		};
		2F93FC421D30F38000865AFD /* Staging */ = {
			isa = XCBuildConfiguration;
			baseConfigurationReference = FD549D0FC2DB3DB6C5B4F5FF /* Pods-ronglcoudHarry.staging.xcconfig */;
			buildSettings = {
				ASSETCATALOG_COMPILER_APPICON_NAME = AppIcon;
				CODE_SIGN_IDENTITY = "iPhone Developer";
				"CODE_SIGN_IDENTITY[sdk=iphoneos*]" = "iPhone Developer";
				GCC_PREFIX_HEADER = /Users/harryfeng/Downloads/rongcloudHarry/ronglcoudHarry/PrefixHeader.pch;
				INFOPLIST_FILE = "ronglcoudHarry copy-Info.plist";
				LD_RUNPATH_SEARCH_PATHS = "$(inherited) @executable_path/Frameworks";
				PRODUCT_BUNDLE_IDENTIFIER = com.rongcloudharry.ronglcoudHarryDev;
				PRODUCT_NAME = "$(TARGET_NAME)";
				PROVISIONING_PROFILE = "";
			};
			name = Staging;
		};
		2F93FC431D30F38000865AFD /* Release */ = {
			isa = XCBuildConfiguration;
			baseConfigurationReference = D72682A2006F514B65A32607 /* Pods-ronglcoudHarry.release.xcconfig */;
			buildSettings = {
				ASSETCATALOG_COMPILER_APPICON_NAME = AppIcon;
				CODE_SIGN_IDENTITY = "iPhone Developer";
				"CODE_SIGN_IDENTITY[sdk=iphoneos*]" = "iPhone Developer";
				GCC_PREFIX_HEADER = /Users/harryfeng/Downloads/rongcloudHarry/ronglcoudHarry/PrefixHeader.pch;
				INFOPLIST_FILE = "ronglcoudHarry copy-Info.plist";
				LD_RUNPATH_SEARCH_PATHS = "$(inherited) @executable_path/Frameworks";
				PRODUCT_BUNDLE_IDENTIFIER = com.rongcloudharry.ronglcoudHarryDev;
				PRODUCT_NAME = "$(TARGET_NAME)";
				PROVISIONING_PROFILE = "";
			};
			name = Release;
		};
		2F9690681D30ED0A0014D9BC /* Staging */ = {
			isa = XCBuildConfiguration;
			buildSettings = {
				ALWAYS_SEARCH_USER_PATHS = NO;
				CLANG_ANALYZER_NONNULL = YES;
				CLANG_CXX_LANGUAGE_STANDARD = "gnu++0x";
				CLANG_CXX_LIBRARY = "libc++";
				CLANG_ENABLE_MODULES = YES;
				CLANG_ENABLE_OBJC_ARC = YES;
				CLANG_WARN_BOOL_CONVERSION = YES;
				CLANG_WARN_CONSTANT_CONVERSION = YES;
				CLANG_WARN_DIRECT_OBJC_ISA_USAGE = YES_ERROR;
				CLANG_WARN_EMPTY_BODY = YES;
				CLANG_WARN_ENUM_CONVERSION = YES;
				CLANG_WARN_INT_CONVERSION = YES;
				CLANG_WARN_OBJC_ROOT_CLASS = YES_ERROR;
				CLANG_WARN_UNREACHABLE_CODE = YES;
				CLANG_WARN__DUPLICATE_METHOD_MATCH = YES;
				"CODE_SIGN_IDENTITY[sdk=iphoneos*]" = "iPhone Developer";
				COPY_PHASE_STRIP = NO;
				DEBUG_INFORMATION_FORMAT = dwarf;
				ENABLE_STRICT_OBJC_MSGSEND = YES;
				ENABLE_TESTABILITY = YES;
				GCC_C_LANGUAGE_STANDARD = gnu99;
				GCC_DYNAMIC_NO_PIC = NO;
				GCC_NO_COMMON_BLOCKS = YES;
				GCC_OPTIMIZATION_LEVEL = 0;
				GCC_PREPROCESSOR_DEFINITIONS = (
					"DEBUG=1",
					"$(inherited)",
				);
				GCC_WARN_64_TO_32_BIT_CONVERSION = YES;
				GCC_WARN_ABOUT_RETURN_TYPE = YES_ERROR;
				GCC_WARN_UNDECLARED_SELECTOR = YES;
				GCC_WARN_UNINITIALIZED_AUTOS = YES_AGGRESSIVE;
				GCC_WARN_UNUSED_FUNCTION = YES;
				GCC_WARN_UNUSED_VARIABLE = YES;
				IPHONEOS_DEPLOYMENT_TARGET = 9.3;
				MTL_ENABLE_DEBUG_INFO = YES;
				ONLY_ACTIVE_ARCH = YES;
				SDKROOT = iphoneos;
			};
			name = Staging;
		};
		2F9690691D30ED0A0014D9BC /* Staging */ = {
			isa = XCBuildConfiguration;
			baseConfigurationReference = FD549D0FC2DB3DB6C5B4F5FF /* Pods-ronglcoudHarry.staging.xcconfig */;
			buildSettings = {
				ASSETCATALOG_COMPILER_APPICON_NAME = AppIcon;
				CODE_SIGN_IDENTITY = "iPhone Developer";
				"CODE_SIGN_IDENTITY[sdk=iphoneos*]" = "iPhone Developer";
				GCC_PREFIX_HEADER = "/Users/harryfeng/Downloads/rongcloudHarry copy 2/PrefixHeader.pch";
				INFOPLIST_FILE = ronglcoudHarry/Info.plist;
				LD_RUNPATH_SEARCH_PATHS = "$(inherited) @executable_path/Frameworks";
				PRODUCT_BUNDLE_IDENTIFIER = com.rongcloudharry.ronglcoudHarry;
				PRODUCT_NAME = "$(TARGET_NAME)";
				PROVISIONING_PROFILE = "";
			};
			name = Staging;
		};
		2F96906A1D30ED0A0014D9BC /* Staging */ = {
			isa = XCBuildConfiguration;
			baseConfigurationReference = 518E2A808A1F0B0D4A73F347 /* Pods-ronglcoudHarryTests.staging.xcconfig */;
			buildSettings = {
				BUNDLE_LOADER = "$(TEST_HOST)";
				INFOPLIST_FILE = ronglcoudHarryTests/Info.plist;
				LD_RUNPATH_SEARCH_PATHS = "$(inherited) @executable_path/Frameworks @loader_path/Frameworks";
				PRODUCT_BUNDLE_IDENTIFIER = com.rongcloudharry.ronglcoudHarryTests;
				PRODUCT_NAME = "$(TARGET_NAME)";
				TEST_HOST = "$(BUILT_PRODUCTS_DIR)/ronglcoudHarry.app/ronglcoudHarry";
			};
			name = Staging;
		};
		2F96906B1D30ED0A0014D9BC /* Staging */ = {
			isa = XCBuildConfiguration;
			baseConfigurationReference = 8515DAC6827563159375D159 /* Pods-ronglcoudHarryUITests.staging.xcconfig */;
			buildSettings = {
				INFOPLIST_FILE = ronglcoudHarryUITests/Info.plist;
				LD_RUNPATH_SEARCH_PATHS = "$(inherited) @executable_path/Frameworks @loader_path/Frameworks";
				PRODUCT_BUNDLE_IDENTIFIER = com.rongcloudharry.ronglcoudHarryUITests;
				PRODUCT_NAME = "$(TARGET_NAME)";
				TEST_TARGET_NAME = ronglcoudHarry;
			};
			name = Staging;
		};
		2FC5D7D11CDADCB100916655 /* Debug */ = {
			isa = XCBuildConfiguration;
			buildSettings = {
				ALWAYS_SEARCH_USER_PATHS = NO;
				CLANG_ANALYZER_NONNULL = YES;
				CLANG_CXX_LANGUAGE_STANDARD = "gnu++0x";
				CLANG_CXX_LIBRARY = "libc++";
				CLANG_ENABLE_MODULES = YES;
				CLANG_ENABLE_OBJC_ARC = YES;
				CLANG_WARN_BOOL_CONVERSION = YES;
				CLANG_WARN_CONSTANT_CONVERSION = YES;
				CLANG_WARN_DIRECT_OBJC_ISA_USAGE = YES_ERROR;
				CLANG_WARN_EMPTY_BODY = YES;
				CLANG_WARN_ENUM_CONVERSION = YES;
				CLANG_WARN_INT_CONVERSION = YES;
				CLANG_WARN_OBJC_ROOT_CLASS = YES_ERROR;
				CLANG_WARN_UNREACHABLE_CODE = YES;
				CLANG_WARN__DUPLICATE_METHOD_MATCH = YES;
				"CODE_SIGN_IDENTITY[sdk=iphoneos*]" = "iPhone Developer";
				COPY_PHASE_STRIP = NO;
				DEBUG_INFORMATION_FORMAT = dwarf;
				ENABLE_STRICT_OBJC_MSGSEND = YES;
				ENABLE_TESTABILITY = YES;
				GCC_C_LANGUAGE_STANDARD = gnu99;
				GCC_DYNAMIC_NO_PIC = NO;
				GCC_NO_COMMON_BLOCKS = YES;
				GCC_OPTIMIZATION_LEVEL = 0;
				GCC_PREPROCESSOR_DEFINITIONS = (
					"DEBUG=1",
					"$(inherited)",
				);
				GCC_WARN_64_TO_32_BIT_CONVERSION = YES;
				GCC_WARN_ABOUT_RETURN_TYPE = YES_ERROR;
				GCC_WARN_UNDECLARED_SELECTOR = YES;
				GCC_WARN_UNINITIALIZED_AUTOS = YES_AGGRESSIVE;
				GCC_WARN_UNUSED_FUNCTION = YES;
				GCC_WARN_UNUSED_VARIABLE = YES;
				IPHONEOS_DEPLOYMENT_TARGET = 9.3;
				MTL_ENABLE_DEBUG_INFO = YES;
				ONLY_ACTIVE_ARCH = YES;
				SDKROOT = iphoneos;
			};
			name = Debug;
		};
		2FC5D7D21CDADCB100916655 /* Release */ = {
			isa = XCBuildConfiguration;
			buildSettings = {
				ALWAYS_SEARCH_USER_PATHS = NO;
				CLANG_ANALYZER_NONNULL = YES;
				CLANG_CXX_LANGUAGE_STANDARD = "gnu++0x";
				CLANG_CXX_LIBRARY = "libc++";
				CLANG_ENABLE_MODULES = YES;
				CLANG_ENABLE_OBJC_ARC = YES;
				CLANG_WARN_BOOL_CONVERSION = YES;
				CLANG_WARN_CONSTANT_CONVERSION = YES;
				CLANG_WARN_DIRECT_OBJC_ISA_USAGE = YES_ERROR;
				CLANG_WARN_EMPTY_BODY = YES;
				CLANG_WARN_ENUM_CONVERSION = YES;
				CLANG_WARN_INT_CONVERSION = YES;
				CLANG_WARN_OBJC_ROOT_CLASS = YES_ERROR;
				CLANG_WARN_UNREACHABLE_CODE = YES;
				CLANG_WARN__DUPLICATE_METHOD_MATCH = YES;
				"CODE_SIGN_IDENTITY[sdk=iphoneos*]" = "iPhone Developer";
				COPY_PHASE_STRIP = NO;
				DEBUG_INFORMATION_FORMAT = "dwarf-with-dsym";
				ENABLE_NS_ASSERTIONS = NO;
				ENABLE_STRICT_OBJC_MSGSEND = YES;
				GCC_C_LANGUAGE_STANDARD = gnu99;
				GCC_NO_COMMON_BLOCKS = YES;
				GCC_WARN_64_TO_32_BIT_CONVERSION = YES;
				GCC_WARN_ABOUT_RETURN_TYPE = YES_ERROR;
				GCC_WARN_UNDECLARED_SELECTOR = YES;
				GCC_WARN_UNINITIALIZED_AUTOS = YES_AGGRESSIVE;
				GCC_WARN_UNUSED_FUNCTION = YES;
				GCC_WARN_UNUSED_VARIABLE = YES;
				IPHONEOS_DEPLOYMENT_TARGET = 9.3;
				MTL_ENABLE_DEBUG_INFO = NO;
				SDKROOT = iphoneos;
				VALIDATE_PRODUCT = YES;
			};
			name = Release;
		};
		2FC5D7D41CDADCB100916655 /* Debug */ = {
			isa = XCBuildConfiguration;
			baseConfigurationReference = D38649E9AF4B4CC6C6849F1F /* Pods-ronglcoudHarry.debug.xcconfig */;
			buildSettings = {
				ASSETCATALOG_COMPILER_APPICON_NAME = AppIcon;
				CODE_SIGN_IDENTITY = "iPhone Developer";
				"CODE_SIGN_IDENTITY[sdk=iphoneos*]" = "iPhone Developer";
				GCC_PREFIX_HEADER = "/Users/harryfeng/Downloads/rongcloudHarry copy 2/PrefixHeader.pch";
				GCC_PREPROCESSOR_DEFINITIONS = (
					"$(inherited)",
					"COCOAPODS=1",
					"DEVELOPMENT=0",
				);
				INFOPLIST_FILE = ronglcoudHarry/Info.plist;
				LD_RUNPATH_SEARCH_PATHS = "$(inherited) @executable_path/Frameworks";
				PRODUCT_BUNDLE_IDENTIFIER = com.rongcloudharry.ronglcoudHarry;
				PRODUCT_NAME = "$(TARGET_NAME)";
				PROVISIONING_PROFILE = "";
			};
			name = Debug;
		};
		2FC5D7D51CDADCB100916655 /* Release */ = {
			isa = XCBuildConfiguration;
			baseConfigurationReference = D72682A2006F514B65A32607 /* Pods-ronglcoudHarry.release.xcconfig */;
			buildSettings = {
				ASSETCATALOG_COMPILER_APPICON_NAME = AppIcon;
				CODE_SIGN_IDENTITY = "iPhone Developer";
				"CODE_SIGN_IDENTITY[sdk=iphoneos*]" = "iPhone Developer";
				GCC_PREFIX_HEADER = "/Users/harryfeng/Downloads/rongcloudHarry copy 2/PrefixHeader.pch";
				INFOPLIST_FILE = ronglcoudHarry/Info.plist;
				LD_RUNPATH_SEARCH_PATHS = "$(inherited) @executable_path/Frameworks";
				PRODUCT_BUNDLE_IDENTIFIER = com.rongcloudharry.ronglcoudHarry;
				PRODUCT_NAME = "$(TARGET_NAME)";
				PROVISIONING_PROFILE = "";
			};
			name = Release;
		};
		2FC5D7D71CDADCB100916655 /* Debug */ = {
			isa = XCBuildConfiguration;
			baseConfigurationReference = 72F70620D415290DE9E2DAEA /* Pods-ronglcoudHarryTests.debug.xcconfig */;
			buildSettings = {
				BUNDLE_LOADER = "$(TEST_HOST)";
				INFOPLIST_FILE = ronglcoudHarryTests/Info.plist;
				LD_RUNPATH_SEARCH_PATHS = "$(inherited) @executable_path/Frameworks @loader_path/Frameworks";
				PRODUCT_BUNDLE_IDENTIFIER = com.rongcloudharry.ronglcoudHarryTests;
				PRODUCT_NAME = "$(TARGET_NAME)";
				TEST_HOST = "$(BUILT_PRODUCTS_DIR)/ronglcoudHarry.app/ronglcoudHarry";
			};
			name = Debug;
		};
		2FC5D7D81CDADCB100916655 /* Release */ = {
			isa = XCBuildConfiguration;
			baseConfigurationReference = F1D0CA6C95EAE4BC6EBF5A6C /* Pods-ronglcoudHarryTests.release.xcconfig */;
			buildSettings = {
				BUNDLE_LOADER = "$(TEST_HOST)";
				INFOPLIST_FILE = ronglcoudHarryTests/Info.plist;
				LD_RUNPATH_SEARCH_PATHS = "$(inherited) @executable_path/Frameworks @loader_path/Frameworks";
				PRODUCT_BUNDLE_IDENTIFIER = com.rongcloudharry.ronglcoudHarryTests;
				PRODUCT_NAME = "$(TARGET_NAME)";
				TEST_HOST = "$(BUILT_PRODUCTS_DIR)/ronglcoudHarry.app/ronglcoudHarry";
			};
			name = Release;
		};
		2FC5D7DA1CDADCB100916655 /* Debug */ = {
			isa = XCBuildConfiguration;
			baseConfigurationReference = 1E5D7CF9EEADEEA55B9FDBC2 /* Pods-ronglcoudHarryUITests.debug.xcconfig */;
			buildSettings = {
				INFOPLIST_FILE = ronglcoudHarryUITests/Info.plist;
				LD_RUNPATH_SEARCH_PATHS = "$(inherited) @executable_path/Frameworks @loader_path/Frameworks";
				PRODUCT_BUNDLE_IDENTIFIER = com.rongcloudharry.ronglcoudHarryUITests;
				PRODUCT_NAME = "$(TARGET_NAME)";
				TEST_TARGET_NAME = ronglcoudHarry;
			};
			name = Debug;
		};
		2FC5D7DB1CDADCB100916655 /* Release */ = {
			isa = XCBuildConfiguration;
			baseConfigurationReference = C03E8367137E4353D0B36D2D /* Pods-ronglcoudHarryUITests.release.xcconfig */;
			buildSettings = {
				INFOPLIST_FILE = ronglcoudHarryUITests/Info.plist;
				LD_RUNPATH_SEARCH_PATHS = "$(inherited) @executable_path/Frameworks @loader_path/Frameworks";
				PRODUCT_BUNDLE_IDENTIFIER = com.rongcloudharry.ronglcoudHarryUITests;
				PRODUCT_NAME = "$(TARGET_NAME)";
				TEST_TARGET_NAME = ronglcoudHarry;
			};
			name = Release;
		};
/* End XCBuildConfiguration section */

/* Begin XCConfigurationList section */
		2F93FC401D30F38000865AFD /* Build configuration list for PBXNativeTarget "ronglcoudHarryDev" */ = {
			isa = XCConfigurationList;
			buildConfigurations = (
				2F93FC411D30F38000865AFD /* Debug */,
				2F93FC421D30F38000865AFD /* Staging */,
				2F93FC431D30F38000865AFD /* Release */,
			);
			defaultConfigurationIsVisible = 0;
			defaultConfigurationName = Staging;
		};
		2FC5D7A11CDADCB000916655 /* Build configuration list for PBXProject "ronglcoudHarry" */ = {
			isa = XCConfigurationList;
			buildConfigurations = (
				2FC5D7D11CDADCB100916655 /* Debug */,
				2F9690681D30ED0A0014D9BC /* Staging */,
				2FC5D7D21CDADCB100916655 /* Release */,
			);
			defaultConfigurationIsVisible = 0;
			defaultConfigurationName = Staging;
		};
		2FC5D7D31CDADCB100916655 /* Build configuration list for PBXNativeTarget "ronglcoudHarry" */ = {
			isa = XCConfigurationList;
			buildConfigurations = (
				2FC5D7D41CDADCB100916655 /* Debug */,
				2F9690691D30ED0A0014D9BC /* Staging */,
				2FC5D7D51CDADCB100916655 /* Release */,
			);
			defaultConfigurationIsVisible = 0;
			defaultConfigurationName = Staging;
		};
		2FC5D7D61CDADCB100916655 /* Build configuration list for PBXNativeTarget "ronglcoudHarryTests" */ = {
			isa = XCConfigurationList;
			buildConfigurations = (
				2FC5D7D71CDADCB100916655 /* Debug */,
				2F96906A1D30ED0A0014D9BC /* Staging */,
				2FC5D7D81CDADCB100916655 /* Release */,
			);
			defaultConfigurationIsVisible = 0;
			defaultConfigurationName = Staging;
		};
		2FC5D7D91CDADCB100916655 /* Build configuration list for PBXNativeTarget "ronglcoudHarryUITests" */ = {
			isa = XCConfigurationList;
			buildConfigurations = (
				2FC5D7DA1CDADCB100916655 /* Debug */,
				2F96906B1D30ED0A0014D9BC /* Staging */,
				2FC5D7DB1CDADCB100916655 /* Release */,
			);
			defaultConfigurationIsVisible = 0;
			defaultConfigurationName = Staging;
		};
/* End XCConfigurationList section */
	};
	rootObject = 2FC5D79E1CDADCB000916655 /* Project object */;
}
