// !$*UTF8*$!
{
	archiveVersion = 1;
	classes = {
	};
	objectVersion = 46;
	objects = {

/* Begin PBXBuildFile section */
		2F65AD801CDB2A5C009962F9 /* tabBarController.m in Sources */ = {isa = PBXBuildFile; fileRef = 2F65AD7F1CDB2A5C009962F9 /* tabBarController.m */; };
		2FA9389E1CDB40AB0059FF52 /* chatVC.m in Sources */ = {isa = PBXBuildFile; fileRef = 2FA9389D1CDB40AB0059FF52 /* chatVC.m */; };
		2FC5D7AB1CDADCB100916655 /* main.m in Sources */ = {isa = PBXBuildFile; fileRef = 2FC5D7AA1CDADCB100916655 /* main.m */; };
		2FC5D7AE1CDADCB100916655 /* AppDelegate.m in Sources */ = {isa = PBXBuildFile; fileRef = 2FC5D7AD1CDADCB100916655 /* AppDelegate.m */; };
		2FC5D7B11CDADCB100916655 /* ViewController.m in Sources */ = {isa = PBXBuildFile; fileRef = 2FC5D7B01CDADCB100916655 /* ViewController.m */; };
		2FC5D7B41CDADCB100916655 /* Main.storyboard in Resources */ = {isa = PBXBuildFile; fileRef = 2FC5D7B21CDADCB100916655 /* Main.storyboard */; };
		2FC5D7B61CDADCB100916655 /* Assets.xcassets in Resources */ = {isa = PBXBuildFile; fileRef = 2FC5D7B51CDADCB100916655 /* Assets.xcassets */; };
		2FC5D7B91CDADCB100916655 /* LaunchScreen.storyboard in Resources */ = {isa = PBXBuildFile; fileRef = 2FC5D7B71CDADCB100916655 /* LaunchScreen.storyboard */; };
		2FC5D7C41CDADCB100916655 /* ronglcoudHarryTests.m in Sources */ = {isa = PBXBuildFile; fileRef = 2FC5D7C31CDADCB100916655 /* ronglcoudHarryTests.m */; };
		2FC5D7CF1CDADCB100916655 /* ronglcoudHarryUITests.m in Sources */ = {isa = PBXBuildFile; fileRef = 2FC5D7CE1CDADCB100916655 /* ronglcoudHarryUITests.m */; };
/* End PBXBuildFile section */

/* Begin PBXContainerItemProxy section */
		2FC5D7C01CDADCB100916655 /* PBXContainerItemProxy */ = {
			isa = PBXContainerItemProxy;
			containerPortal = 2FC5D79E1CDADCB000916655 /* Project object */;
			proxyType = 1;
			remoteGlobalIDString = 2FC5D7A51CDADCB000916655;
			remoteInfo = ronglcoudHarry;
		};
		2FC5D7CB1CDADCB100916655 /* PBXContainerItemProxy */ = {
			isa = PBXContainerItemProxy;
			containerPortal = 2FC5D79E1CDADCB000916655 /* Project object */;
			proxyType = 1;
			remoteGlobalIDString = 2FC5D7A51CDADCB000916655;
			remoteInfo = ronglcoudHarry;
		};
/* End PBXContainerItemProxy section */

/* Begin PBXFileReference section */
		2F65AD7E1CDB2A5C009962F9 /* tabBarController.h */ = {isa = PBXFileReference; fileEncoding = 4; lastKnownFileType = sourcecode.c.h; path = tabBarController.h; sourceTree = "<group>"; };
		2F65AD7F1CDB2A5C009962F9 /* tabBarController.m */ = {isa = PBXFileReference; fileEncoding = 4; lastKnownFileType = sourcecode.c.objc; path = tabBarController.m; sourceTree = "<group>"; };
		2FA9389C1CDB40AB0059FF52 /* chatVC.h */ = {isa = PBXFileReference; fileEncoding = 4; lastKnownFileType = sourcecode.c.h; path = chatVC.h; sourceTree = "<group>"; };
		2FA9389D1CDB40AB0059FF52 /* chatVC.m */ = {isa = PBXFileReference; fileEncoding = 4; lastKnownFileType = sourcecode.c.objc; path = chatVC.m; sourceTree = "<group>"; };
		2FC5D7A61CDADCB000916655 /* ronglcoudHarry.app */ = {isa = PBXFileReference; explicitFileType = wrapper.application; includeInIndex = 0; path = ronglcoudHarry.app; sourceTree = BUILT_PRODUCTS_DIR; };
		2FC5D7AA1CDADCB100916655 /* main.m */ = {isa = PBXFileReference; lastKnownFileType = sourcecode.c.objc; path = main.m; sourceTree = "<group>"; };
		2FC5D7AC1CDADCB100916655 /* AppDelegate.h */ = {isa = PBXFileReference; lastKnownFileType = sourcecode.c.h; path = AppDelegate.h; sourceTree = "<group>"; };
		2FC5D7AD1CDADCB100916655 /* AppDelegate.m */ = {isa = PBXFileReference; lastKnownFileType = sourcecode.c.objc; path = AppDelegate.m; sourceTree = "<group>"; };
		2FC5D7AF1CDADCB100916655 /* ViewController.h */ = {isa = PBXFileReference; lastKnownFileType = sourcecode.c.h; path = ViewController.h; sourceTree = "<group>"; };
		2FC5D7B01CDADCB100916655 /* ViewController.m */ = {isa = PBXFileReference; lastKnownFileType = sourcecode.c.objc; path = ViewController.m; sourceTree = "<group>"; };
		2FC5D7B31CDADCB100916655 /* Base */ = {isa = PBXFileReference; lastKnownFileType = file.storyboard; name = Base; path = Base.lproj/Main.storyboard; sourceTree = "<group>"; };
		2FC5D7B51CDADCB100916655 /* Assets.xcassets */ = {isa = PBXFileReference; lastKnownFileType = folder.assetcatalog; path = Assets.xcassets; sourceTree = "<group>"; };
		2FC5D7B81CDADCB100916655 /* Base */ = {isa = PBXFileReference; lastKnownFileType = file.storyboard; name = Base; path = Base.lproj/LaunchScreen.storyboard; sourceTree = "<group>"; };
		2FC5D7BA1CDADCB100916655 /* Info.plist */ = {isa = PBXFileReference; lastKnownFileType = text.plist.xml; path = Info.plist; sourceTree = "<group>"; };
		2FC5D7BF1CDADCB100916655 /* ronglcoudHarryTests.xctest */ = {isa = PBXFileReference; explicitFileType = wrapper.cfbundle; includeInIndex = 0; path = ronglcoudHarryTests.xctest; sourceTree = BUILT_PRODUCTS_DIR; };
		2FC5D7C31CDADCB100916655 /* ronglcoudHarryTests.m */ = {isa = PBXFileReference; lastKnownFileType = sourcecode.c.objc; path = ronglcoudHarryTests.m; sourceTree = "<group>"; };
		2FC5D7C51CDADCB100916655 /* Info.plist */ = {isa = PBXFileReference; lastKnownFileType = text.plist.xml; path = Info.plist; sourceTree = "<group>"; };
		2FC5D7CA1CDADCB100916655 /* ronglcoudHarryUITests.xctest */ = {isa = PBXFileReference; explicitFileType = wrapper.cfbundle; includeInIndex = 0; path = ronglcoudHarryUITests.xctest; sourceTree = BUILT_PRODUCTS_DIR; };
		2FC5D7CE1CDADCB100916655 /* ronglcoudHarryUITests.m */ = {isa = PBXFileReference; lastKnownFileType = sourcecode.c.objc; path = ronglcoudHarryUITests.m; sourceTree = "<group>"; };
		2FC5D7D01CDADCB100916655 /* Info.plist */ = {isa = PBXFileReference; lastKnownFileType = text.plist.xml; path = Info.plist; sourceTree = "<group>"; };
/* End PBXFileReference section */

/* Begin PBXFrameworksBuildPhase section */
		2FC5D7A31CDADCB000916655 /* Frameworks */ = {
			isa = PBXFrameworksBuildPhase;
			buildActionMask = 2147483647;
			files = (
			);
			runOnlyForDeploymentPostprocessing = 0;
		};
		2FC5D7BC1CDADCB100916655 /* Frameworks */ = {
			isa = PBXFrameworksBuildPhase;
			buildActionMask = 2147483647;
			files = (
			);
			runOnlyForDeploymentPostprocessing = 0;
		};
		2FC5D7C71CDADCB100916655 /* Frameworks */ = {
			isa = PBXFrameworksBuildPhase;
			buildActionMask = 2147483647;
			files = (
			);
			runOnlyForDeploymentPostprocessing = 0;
		};
/* End PBXFrameworksBuildPhase section */

/* Begin PBXGroup section */
		2FC5D79D1CDADCB000916655 = {
			isa = PBXGroup;
			children = (
				2FC5D7A81CDADCB100916655 /* ronglcoudHarry */,
				2FC5D7C21CDADCB100916655 /* ronglcoudHarryTests */,
				2FC5D7CD1CDADCB100916655 /* ronglcoudHarryUITests */,
				2FC5D7A71CDADCB000916655 /* Products */,
			);
			sourceTree = "<group>";
		};
		2FC5D7A71CDADCB000916655 /* Products */ = {
			isa = PBXGroup;
			children = (
				2FC5D7A61CDADCB000916655 /* ronglcoudHarry.app */,
				2FC5D7BF1CDADCB100916655 /* ronglcoudHarryTests.xctest */,
				2FC5D7CA1CDADCB100916655 /* ronglcoudHarryUITests.xctest */,
			);
			name = Products;
			sourceTree = "<group>";
		};
		2FC5D7A81CDADCB100916655 /* ronglcoudHarry */ = {
			isa = PBXGroup;
			children = (
				2FC5D7AC1CDADCB100916655 /* AppDelegate.h */,
				2FC5D7AD1CDADCB100916655 /* AppDelegate.m */,
				2F65AD7E1CDB2A5C009962F9 /* tabBarController.h */,
				2F65AD7F1CDB2A5C009962F9 /* tabBarController.m */,
				2FC5D7AF1CDADCB100916655 /* ViewController.h */,
				2FC5D7B01CDADCB100916655 /* ViewController.m */,
				2FC5D7B21CDADCB100916655 /* Main.storyboard */,
				2FC5D7B51CDADCB100916655 /* Assets.xcassets */,
				2FC5D7B71CDADCB100916655 /* LaunchScreen.storyboard */,
				2FC5D7BA1CDADCB100916655 /* Info.plist */,
				2FC5D7A91CDADCB100916655 /* Supporting Files */,
				2FA9389C1CDB40AB0059FF52 /* chatVC.h */,
				2FA9389D1CDB40AB0059FF52 /* chatVC.m */,
			);
			path = ronglcoudHarry;
			sourceTree = "<group>";
		};
		2FC5D7A91CDADCB100916655 /* Supporting Files */ = {
			isa = PBXGroup;
			children = (
				2FC5D7AA1CDADCB100916655 /* main.m */,
			);
			name = "Supporting Files";
			sourceTree = "<group>";
		};
		2FC5D7C21CDADCB100916655 /* ronglcoudHarryTests */ = {
			isa = PBXGroup;
			children = (
				2FC5D7C31CDADCB100916655 /* ronglcoudHarryTests.m */,
				2FC5D7C51CDADCB100916655 /* Info.plist */,
			);
			path = ronglcoudHarryTests;
			sourceTree = "<group>";
		};
		2FC5D7CD1CDADCB100916655 /* ronglcoudHarryUITests */ = {
			isa = PBXGroup;
			children = (
				2FC5D7CE1CDADCB100916655 /* ronglcoudHarryUITests.m */,
				2FC5D7D01CDADCB100916655 /* Info.plist */,
			);
			path = ronglcoudHarryUITests;
			sourceTree = "<group>";
		};
/* End PBXGroup section */

/* Begin PBXNativeTarget section */
		2FC5D7A51CDADCB000916655 /* ronglcoudHarry */ = {
			isa = PBXNativeTarget;
			buildConfigurationList = 2FC5D7D31CDADCB100916655 /* Build configuration list for PBXNativeTarget "ronglcoudHarry" */;
			buildPhases = (
				2FC5D7A21CDADCB000916655 /* Sources */,
				2FC5D7A31CDADCB000916655 /* Frameworks */,
				2FC5D7A41CDADCB000916655 /* Resources */,
			);
			buildRules = (
			);
			dependencies = (
			);
			name = ronglcoudHarry;
			productName = ronglcoudHarry;
			productReference = 2FC5D7A61CDADCB000916655 /* ronglcoudHarry.app */;
			productType = "com.apple.product-type.application";
		};
		2FC5D7BE1CDADCB100916655 /* ronglcoudHarryTests */ = {
			isa = PBXNativeTarget;
			buildConfigurationList = 2FC5D7D61CDADCB100916655 /* Build configuration list for PBXNativeTarget "ronglcoudHarryTests" */;
			buildPhases = (
				2FC5D7BB1CDADCB100916655 /* Sources */,
				2FC5D7BC1CDADCB100916655 /* Frameworks */,
				2FC5D7BD1CDADCB100916655 /* Resources */,
			);
			buildRules = (
			);
			dependencies = (
				2FC5D7C11CDADCB100916655 /* PBXTargetDependency */,
			);
			name = ronglcoudHarryTests;
			productName = ronglcoudHarryTests;
			productReference = 2FC5D7BF1CDADCB100916655 /* ronglcoudHarryTests.xctest */;
			productType = "com.apple.product-type.bundle.unit-test";
		};
		2FC5D7C91CDADCB100916655 /* ronglcoudHarryUITests */ = {
			isa = PBXNativeTarget;
			buildConfigurationList = 2FC5D7D91CDADCB100916655 /* Build configuration list for PBXNativeTarget "ronglcoudHarryUITests" */;
			buildPhases = (
				2FC5D7C61CDADCB100916655 /* Sources */,
				2FC5D7C71CDADCB100916655 /* Frameworks */,
				2FC5D7C81CDADCB100916655 /* Resources */,
			);
			buildRules = (
			);
			dependencies = (
				2FC5D7CC1CDADCB100916655 /* PBXTargetDependency */,
			);
			name = ronglcoudHarryUITests;
			productName = ronglcoudHarryUITests;
			productReference = 2FC5D7CA1CDADCB100916655 /* ronglcoudHarryUITests.xctest */;
			productType = "com.apple.product-type.bundle.ui-testing";
		};
/* End PBXNativeTarget section */

/* Begin PBXProject section */
		2FC5D79E1CDADCB000916655 /* Project object */ = {
			isa = PBXProject;
			attributes = {
				LastUpgradeCheck = 0730;
				ORGANIZATIONNAME = harryfeng;
				TargetAttributes = {
					2FC5D7A51CDADCB000916655 = {
						CreatedOnToolsVersion = 7.3;
						DevelopmentTeam = XPL87BVWUU;
					};
					2FC5D7BE1CDADCB100916655 = {
						CreatedOnToolsVersion = 7.3;
						TestTargetID = 2FC5D7A51CDADCB000916655;
					};
					2FC5D7C91CDADCB100916655 = {
						CreatedOnToolsVersion = 7.3;
						TestTargetID = 2FC5D7A51CDADCB000916655;
					};
				};
			};
			buildConfigurationList = 2FC5D7A11CDADCB000916655 /* Build configuration list for PBXProject "ronglcoudHarry" */;
			compatibilityVersion = "Xcode 3.2";
			developmentRegion = English;
			hasScannedForEncodings = 0;
			knownRegions = (
				en,
				Base,
			);
			mainGroup = 2FC5D79D1CDADCB000916655;
			productRefGroup = 2FC5D7A71CDADCB000916655 /* Products */;
			projectDirPath = "";
			projectRoot = "";
			targets = (
				2FC5D7A51CDADCB000916655 /* ronglcoudHarry */,
				2FC5D7BE1CDADCB100916655 /* ronglcoudHarryTests */,
				2FC5D7C91CDADCB100916655 /* ronglcoudHarryUITests */,
			);
		};
/* End PBXProject section */

/* Begin PBXResourcesBuildPhase section */
		2FC5D7A41CDADCB000916655 /* Resources */ = {
			isa = PBXResourcesBuildPhase;
			buildActionMask = 2147483647;
			files = (
				2FC5D7B91CDADCB100916655 /* LaunchScreen.storyboard in Resources */,
				2FC5D7B61CDADCB100916655 /* Assets.xcassets in Resources */,
				2FC5D7B41CDADCB100916655 /* Main.storyboard in Resources */,
			);
			runOnlyForDeploymentPostprocessing = 0;
		};
		2FC5D7BD1CDADCB100916655 /* Resources */ = {
			isa = PBXResourcesBuildPhase;
			buildActionMask = 2147483647;
			files = (
			);
			runOnlyForDeploymentPostprocessing = 0;
		};
		2FC5D7C81CDADCB100916655 /* Resources */ = {
			isa = PBXResourcesBuildPhase;
			buildActionMask = 2147483647;
			files = (
			);
			runOnlyForDeploymentPostprocessing = 0;
		};
/* End PBXResourcesBuildPhase section */

/* Begin PBXSourcesBuildPhase section */
		2FC5D7A21CDADCB000916655 /* Sources */ = {
			isa = PBXSourcesBuildPhase;
			buildActionMask = 2147483647;
			files = (
				2FC5D7B11CDADCB100916655 /* ViewController.m in Sources */,
				2F65AD801CDB2A5C009962F9 /* tabBarController.m in Sources */,
				2FA9389E1CDB40AB0059FF52 /* chatVC.m in Sources */,
				2FC5D7AE1CDADCB100916655 /* AppDelegate.m in Sources */,
				2FC5D7AB1CDADCB100916655 /* main.m in Sources */,
			);
			runOnlyForDeploymentPostprocessing = 0;
		};
		2FC5D7BB1CDADCB100916655 /* Sources */ = {
			isa = PBXSourcesBuildPhase;
			buildActionMask = 2147483647;
			files = (
				2FC5D7C41CDADCB100916655 /* ronglcoudHarryTests.m in Sources */,
			);
			runOnlyForDeploymentPostprocessing = 0;
		};
		2FC5D7C61CDADCB100916655 /* Sources */ = {
			isa = PBXSourcesBuildPhase;
			buildActionMask = 2147483647;
			files = (
				2FC5D7CF1CDADCB100916655 /* ronglcoudHarryUITests.m in Sources */,
			);
			runOnlyForDeploymentPostprocessing = 0;
		};
/* End PBXSourcesBuildPhase section */

/* Begin PBXTargetDependency section */
		2FC5D7C11CDADCB100916655 /* PBXTargetDependency */ = {
			isa = PBXTargetDependency;
			target = 2FC5D7A51CDADCB000916655 /* ronglcoudHarry */;
			targetProxy = 2FC5D7C01CDADCB100916655 /* PBXContainerItemProxy */;
		};
		2FC5D7CC1CDADCB100916655 /* PBXTargetDependency */ = {
			isa = PBXTargetDependency;
			target = 2FC5D7A51CDADCB000916655 /* ronglcoudHarry */;
			targetProxy = 2FC5D7CB1CDADCB100916655 /* PBXContainerItemProxy */;
		};
/* End PBXTargetDependency section */

/* Begin PBXVariantGroup section */
		2FC5D7B21CDADCB100916655 /* Main.storyboard */ = {
			isa = PBXVariantGroup;
			children = (
				2FC5D7B31CDADCB100916655 /* Base */,
			);
			name = Main.storyboard;
			sourceTree = "<group>";
		};
		2FC5D7B71CDADCB100916655 /* LaunchScreen.storyboard */ = {
			isa = PBXVariantGroup;
			children = (
				2FC5D7B81CDADCB100916655 /* Base */,
			);
			name = LaunchScreen.storyboard;
			sourceTree = "<group>";
		};
/* End PBXVariantGroup section */

/* Begin XCBuildConfiguration section */
		2FC5D7D11CDADCB100916655 /* Debug */ = {
			isa = XCBuildConfiguration;
			buildSettings = {
				ALWAYS_SEARCH_USER_PATHS = NO;
				CLANG_ANALYZER_NONNULL = YES;
				CLANG_CXX_LANGUAGE_STANDARD = "gnu++0x";
				CLANG_CXX_LIBRARY = "libc++";
				CLANG_ENABLE_MODULES = YES;
				CLANG_ENABLE_OBJC_ARC = YES;
				CLANG_WARN_BOOL_CONVERSION = YES;
				CLANG_WARN_CONSTANT_CONVERSION = YES;
				CLANG_WARN_DIRECT_OBJC_ISA_USAGE = YES_ERROR;
				CLANG_WARN_EMPTY_BODY = YES;
				CLANG_WARN_ENUM_CONVERSION = YES;
				CLANG_WARN_INT_CONVERSION = YES;
				CLANG_WARN_OBJC_ROOT_CLASS = YES_ERROR;
				CLANG_WARN_UNREACHABLE_CODE = YES;
				CLANG_WARN__DUPLICATE_METHOD_MATCH = YES;
				"CODE_SIGN_IDENTITY[sdk=iphoneos*]" = "iPhone Developer";
				COPY_PHASE_STRIP = NO;
				DEBUG_INFORMATION_FORMAT = dwarf;
				ENABLE_STRICT_OBJC_MSGSEND = YES;
				ENABLE_TESTABILITY = YES;
				GCC_C_LANGUAGE_STANDARD = gnu99;
				GCC_DYNAMIC_NO_PIC = NO;
				GCC_NO_COMMON_BLOCKS = YES;
				GCC_OPTIMIZATION_LEVEL = 0;
				GCC_PREPROCESSOR_DEFINITIONS = (
					"DEBUG=1",
					"$(inherited)",
				);
				GCC_WARN_64_TO_32_BIT_CONVERSION = YES;
				GCC_WARN_ABOUT_RETURN_TYPE = YES_ERROR;
				GCC_WARN_UNDECLARED_SELECTOR = YES;
				GCC_WARN_UNINITIALIZED_AUTOS = YES_AGGRESSIVE;
				GCC_WARN_UNUSED_FUNCTION = YES;
				GCC_WARN_UNUSED_VARIABLE = YES;
				IPHONEOS_DEPLOYMENT_TARGET = 9.3;
				MTL_ENABLE_DEBUG_INFO = YES;
				ONLY_ACTIVE_ARCH = YES;
				SDKROOT = iphoneos;
			};
			name = Debug;
		};
		2FC5D7D21CDADCB100916655 /* Release */ = {
			isa = XCBuildConfiguration;
			buildSettings = {
				ALWAYS_SEARCH_USER_PATHS = NO;
				CLANG_ANALYZER_NONNULL = YES;
				CLANG_CXX_LANGUAGE_STANDARD = "gnu++0x";
				CLANG_CXX_LIBRARY = "libc++";
				CLANG_ENABLE_MODULES = YES;
				CLANG_ENABLE_OBJC_ARC = YES;
				CLANG_WARN_BOOL_CONVERSION = YES;
				CLANG_WARN_CONSTANT_CONVERSION = YES;
				CLANG_WARN_DIRECT_OBJC_ISA_USAGE = YES_ERROR;
				CLANG_WARN_EMPTY_BODY = YES;
				CLANG_WARN_ENUM_CONVERSION = YES;
				CLANG_WARN_INT_CONVERSION = YES;
				CLANG_WARN_OBJC_ROOT_CLASS = YES_ERROR;
				CLANG_WARN_UNREACHABLE_CODE = YES;
				CLANG_WARN__DUPLICATE_METHOD_MATCH = YES;
				"CODE_SIGN_IDENTITY[sdk=iphoneos*]" = "iPhone Developer";
				COPY_PHASE_STRIP = NO;
				DEBUG_INFORMATION_FORMAT = "dwarf-with-dsym";
				ENABLE_NS_ASSERTIONS = NO;
				ENABLE_STRICT_OBJC_MSGSEND = YES;
				GCC_C_LANGUAGE_STANDARD = gnu99;
				GCC_NO_COMMON_BLOCKS = YES;
				GCC_WARN_64_TO_32_BIT_CONVERSION = YES;
				GCC_WARN_ABOUT_RETURN_TYPE = YES_ERROR;
				GCC_WARN_UNDECLARED_SELECTOR = YES;
				GCC_WARN_UNINITIALIZED_AUTOS = YES_AGGRESSIVE;
				GCC_WARN_UNUSED_FUNCTION = YES;
				GCC_WARN_UNUSED_VARIABLE = YES;
				IPHONEOS_DEPLOYMENT_TARGET = 9.3;
				MTL_ENABLE_DEBUG_INFO = NO;
				SDKROOT = iphoneos;
				VALIDATE_PRODUCT = YES;
			};
			name = Release;
		};
		2FC5D7D41CDADCB100916655 /* Debug */ = {
			isa = XCBuildConfiguration;
			buildSettings = {
				ASSETCATALOG_COMPILER_APPICON_NAME = AppIcon;
				CODE_SIGN_IDENTITY = "iPhone Developer";
				"CODE_SIGN_IDENTITY[sdk=iphoneos*]" = "iPhone Developer";
				INFOPLIST_FILE = ronglcoudHarry/Info.plist;
				LD_RUNPATH_SEARCH_PATHS = "$(inherited) @executable_path/Frameworks";
				PRODUCT_BUNDLE_IDENTIFIER = com.rongcloudharry.ronglcoudHarry;
				PRODUCT_NAME = "$(TARGET_NAME)";
				PROVISIONING_PROFILE = "";
			};
			name = Debug;
		};
		2FC5D7D51CDADCB100916655 /* Release */ = {
			isa = XCBuildConfiguration;
			buildSettings = {
				ASSETCATALOG_COMPILER_APPICON_NAME = AppIcon;
				CODE_SIGN_IDENTITY = "iPhone Developer";
				"CODE_SIGN_IDENTITY[sdk=iphoneos*]" = "iPhone Developer";
				INFOPLIST_FILE = ronglcoudHarry/Info.plist;
				LD_RUNPATH_SEARCH_PATHS = "$(inherited) @executable_path/Frameworks";
				PRODUCT_BUNDLE_IDENTIFIER = com.rongcloudharry.ronglcoudHarry;
				PRODUCT_NAME = "$(TARGET_NAME)";
				PROVISIONING_PROFILE = "";
			};
			name = Release;
		};
		2FC5D7D71CDADCB100916655 /* Debug */ = {
			isa = XCBuildConfiguration;
			buildSettings = {
				BUNDLE_LOADER = "$(TEST_HOST)";
				INFOPLIST_FILE = ronglcoudHarryTests/Info.plist;
				LD_RUNPATH_SEARCH_PATHS = "$(inherited) @executable_path/Frameworks @loader_path/Frameworks";
				PRODUCT_BUNDLE_IDENTIFIER = com.rongcloudharry.ronglcoudHarryTests;
				PRODUCT_NAME = "$(TARGET_NAME)";
				TEST_HOST = "$(BUILT_PRODUCTS_DIR)/ronglcoudHarry.app/ronglcoudHarry";
			};
			name = Debug;
		};
		2FC5D7D81CDADCB100916655 /* Release */ = {
			isa = XCBuildConfiguration;
			buildSettings = {
				BUNDLE_LOADER = "$(TEST_HOST)";
				INFOPLIST_FILE = ronglcoudHarryTests/Info.plist;
				LD_RUNPATH_SEARCH_PATHS = "$(inherited) @executable_path/Frameworks @loader_path/Frameworks";
				PRODUCT_BUNDLE_IDENTIFIER = com.rongcloudharry.ronglcoudHarryTests;
				PRODUCT_NAME = "$(TARGET_NAME)";
				TEST_HOST = "$(BUILT_PRODUCTS_DIR)/ronglcoudHarry.app/ronglcoudHarry";
			};
			name = Release;
		};
		2FC5D7DA1CDADCB100916655 /* Debug */ = {
			isa = XCBuildConfiguration;
			buildSettings = {
				INFOPLIST_FILE = ronglcoudHarryUITests/Info.plist;
				LD_RUNPATH_SEARCH_PATHS = "$(inherited) @executable_path/Frameworks @loader_path/Frameworks";
				PRODUCT_BUNDLE_IDENTIFIER = com.rongcloudharry.ronglcoudHarryUITests;
				PRODUCT_NAME = "$(TARGET_NAME)";
				TEST_TARGET_NAME = ronglcoudHarry;
			};
			name = Debug;
		};
		2FC5D7DB1CDADCB100916655 /* Release */ = {
			isa = XCBuildConfiguration;
			buildSettings = {
				INFOPLIST_FILE = ronglcoudHarryUITests/Info.plist;
				LD_RUNPATH_SEARCH_PATHS = "$(inherited) @executable_path/Frameworks @loader_path/Frameworks";
				PRODUCT_BUNDLE_IDENTIFIER = com.rongcloudharry.ronglcoudHarryUITests;
				PRODUCT_NAME = "$(TARGET_NAME)";
				TEST_TARGET_NAME = ronglcoudHarry;
			};
			name = Release;
		};
/* End XCBuildConfiguration section */

/* Begin XCConfigurationList section */
		2FC5D7A11CDADCB000916655 /* Build configuration list for PBXProject "ronglcoudHarry" */ = {
			isa = XCConfigurationList;
			buildConfigurations = (
				2FC5D7D11CDADCB100916655 /* Debug */,
				2FC5D7D21CDADCB100916655 /* Release */,
			);
			defaultConfigurationIsVisible = 0;
			defaultConfigurationName = Release;
		};
		2FC5D7D31CDADCB100916655 /* Build configuration list for PBXNativeTarget "ronglcoudHarry" */ = {
			isa = XCConfigurationList;
			buildConfigurations = (
				2FC5D7D41CDADCB100916655 /* Debug */,
				2FC5D7D51CDADCB100916655 /* Release */,
			);
			defaultConfigurationIsVisible = 0;
			defaultConfigurationName = Release;
		};
		2FC5D7D61CDADCB100916655 /* Build configuration list for PBXNativeTarget "ronglcoudHarryTests" */ = {
			isa = XCConfigurationList;
			buildConfigurations = (
				2FC5D7D71CDADCB100916655 /* Debug */,
				2FC5D7D81CDADCB100916655 /* Release */,
			);
			defaultConfigurationIsVisible = 0;
			defaultConfigurationName = Release;
		};
		2FC5D7D91CDADCB100916655 /* Build configuration list for PBXNativeTarget "ronglcoudHarryUITests" */ = {
			isa = XCConfigurationList;
			buildConfigurations = (
				2FC5D7DA1CDADCB100916655 /* Debug */,
				2FC5D7DB1CDADCB100916655 /* Release */,
			);
			defaultConfigurationIsVisible = 0;
			defaultConfigurationName = Release;
		};
/* End XCConfigurationList section */
	};
	rootObject = 2FC5D79E1CDADCB000916655 /* Project object */;
}
